// !$*UTF8*$!
{
	archiveVersion = 1;
	classes = {
	};
	objectVersion = 50;
	objects = {

/* Begin PBXBuildFile section */
		9FF93115DEE1E0447D91E601 /* Pods_GWFImageBrowser.framework in Frameworks */ = {isa = PBXBuildFile; fileRef = 5D80C961AC264EF64005A920 /* Pods_GWFImageBrowser.framework */; };
		CE04EAE820A43D6100C0B080 /* UIViewController+Basic.m in Sources */ = {isa = PBXBuildFile; fileRef = CE04EAE620A43D6100C0B080 /* UIViewController+Basic.m */; };
		CE29D9A120BD2FE900A0F6F6 /* HXCustomCameraViewController.m in Sources */ = {isa = PBXBuildFile; fileRef = CE29D95420BD2FE900A0F6F6 /* HXCustomCameraViewController.m */; };
		CE29D9A220BD2FE900A0F6F6 /* UIViewController+HXExtension.m in Sources */ = {isa = PBXBuildFile; fileRef = CE29D95520BD2FE900A0F6F6 /* UIViewController+HXExtension.m */; };
		CE29D9A320BD2FE900A0F6F6 /* HXPhotoConfiguration.m in Sources */ = {isa = PBXBuildFile; fileRef = CE29D95620BD2FE900A0F6F6 /* HXPhotoConfiguration.m */; };
		CE29D9A420BD2FE900A0F6F6 /* HXDownloadProgressView.m in Sources */ = {isa = PBXBuildFile; fileRef = CE29D95720BD2FE900A0F6F6 /* HXDownloadProgressView.m */; };
		CE29D9A520BD2FE900A0F6F6 /* HXPhoto3DTouchViewController.m in Sources */ = {isa = PBXBuildFile; fileRef = CE29D95A20BD2FE900A0F6F6 /* HXPhoto3DTouchViewController.m */; };
		CE29D9A620BD2FE900A0F6F6 /* HXDatePhotoPreviewBottomView.m in Sources */ = {isa = PBXBuildFile; fileRef = CE29D95B20BD2FE900A0F6F6 /* HXDatePhotoPreviewBottomView.m */; };
		CE29D9A720BD2FE900A0F6F6 /* NSBundle+HXWeiboPhotoPicker.m in Sources */ = {isa = PBXBuildFile; fileRef = CE29D96020BD2FE900A0F6F6 /* NSBundle+HXWeiboPhotoPicker.m */; };
		CE29D9A820BD2FE900A0F6F6 /* HXCollectionView.m in Sources */ = {isa = PBXBuildFile; fileRef = CE29D96220BD2FE900A0F6F6 /* HXCollectionView.m */; };
		CE29D9A920BD2FE900A0F6F6 /* UIImageView+HXExtension.m in Sources */ = {isa = PBXBuildFile; fileRef = CE29D96420BD2FE900A0F6F6 /* UIImageView+HXExtension.m */; };
		CE29D9AA20BD2FE900A0F6F6 /* UIFont+HXExtension.m in Sources */ = {isa = PBXBuildFile; fileRef = CE29D96520BD2FE900A0F6F6 /* UIFont+HXExtension.m */; };
		CE29D9AB20BD2FE900A0F6F6 /* HXDatePhotoInteractiveTransition.m in Sources */ = {isa = PBXBuildFile; fileRef = CE29D96720BD2FE900A0F6F6 /* HXDatePhotoInteractiveTransition.m */; };
		CE29D9AC20BD2FE900A0F6F6 /* HXPhotoModel.m in Sources */ = {isa = PBXBuildFile; fileRef = CE29D96820BD2FE900A0F6F6 /* HXPhotoModel.m */; };
		CE29D9AD20BD2FE900A0F6F6 /* HXAlbumListViewController.m in Sources */ = {isa = PBXBuildFile; fileRef = CE29D96920BD2FE900A0F6F6 /* HXAlbumListViewController.m */; };
		CE29D9AE20BD2FE900A0F6F6 /* UIView+HXExtension.m in Sources */ = {isa = PBXBuildFile; fileRef = CE29D96C20BD2FE900A0F6F6 /* UIView+HXExtension.m */; };
		CE29D9AF20BD2FE900A0F6F6 /* HXPhotoCustomNavigationBar.m in Sources */ = {isa = PBXBuildFile; fileRef = CE29D96D20BD2FE900A0F6F6 /* HXPhotoCustomNavigationBar.m */; };
		CE29D9B020BD2FE900A0F6F6 /* HXPhotoTools.m in Sources */ = {isa = PBXBuildFile; fileRef = CE29D96F20BD2FE900A0F6F6 /* HXPhotoTools.m */; };
		CE29D9B120BD2FE900A0F6F6 /* HXDatePhotoPreviewViewController.m in Sources */ = {isa = PBXBuildFile; fileRef = CE29D97120BD2FE900A0F6F6 /* HXDatePhotoPreviewViewController.m */; };
		CE29D9B220BD2FE900A0F6F6 /* HXDatePhotoViewFlowLayout.m in Sources */ = {isa = PBXBuildFile; fileRef = CE29D97220BD2FE900A0F6F6 /* HXDatePhotoViewFlowLayout.m */; };
		CE29D9B320BD2FE900A0F6F6 /* HXDatePhotoViewController.m in Sources */ = {isa = PBXBuildFile; fileRef = CE29D97320BD2FE900A0F6F6 /* HXDatePhotoViewController.m */; };
		CE29D9B420BD2FE900A0F6F6 /* HXPhotoManager.m in Sources */ = {isa = PBXBuildFile; fileRef = CE29D97620BD2FE900A0F6F6 /* HXPhotoManager.m */; };
		CE29D9B520BD2FE900A0F6F6 /* HXDatePhotoViewPresentTransition.m in Sources */ = {isa = PBXBuildFile; fileRef = CE29D97720BD2FE900A0F6F6 /* HXDatePhotoViewPresentTransition.m */; };
		CE29D9B620BD2FE900A0F6F6 /* HXCustomCameraController.m in Sources */ = {isa = PBXBuildFile; fileRef = CE29D97A20BD2FE900A0F6F6 /* HXCustomCameraController.m */; };
		CE29D9B720BD2FE900A0F6F6 /* UIImage+HXExtension.m in Sources */ = {isa = PBXBuildFile; fileRef = CE29D98020BD2FE900A0F6F6 /* UIImage+HXExtension.m */; };
		CE29D9B820BD2FE900A0F6F6 /* HXCustomCollectionReusableView.m in Sources */ = {isa = PBXBuildFile; fileRef = CE29D98120BD2FE900A0F6F6 /* HXCustomCollectionReusableView.m */; };
		CE29D9B920BD2FE900A0F6F6 /* HXWeiboPhotoPicker.bundle in Resources */ = {isa = PBXBuildFile; fileRef = CE29D98220BD2FE900A0F6F6 /* HXWeiboPhotoPicker.bundle */; };
		CE29D9BA20BD2FE900A0F6F6 /* HXPhotoView.m in Sources */ = {isa = PBXBuildFile; fileRef = CE29D98520BD2FE900A0F6F6 /* HXPhotoView.m */; };
		CE29D9BB20BD2FE900A0F6F6 /* HXFullScreenCameraPlayView.m in Sources */ = {isa = PBXBuildFile; fileRef = CE29D98620BD2FE900A0F6F6 /* HXFullScreenCameraPlayView.m */; };
		CE29D9BC20BD2FE900A0F6F6 /* NSDate+HXExtension.m in Sources */ = {isa = PBXBuildFile; fileRef = CE29D98720BD2FE900A0F6F6 /* NSDate+HXExtension.m */; };
		CE29D9BD20BD2FE900A0F6F6 /* HXCustomNavigationController.m in Sources */ = {isa = PBXBuildFile; fileRef = CE29D98820BD2FE900A0F6F6 /* HXCustomNavigationController.m */; };
		CE29D9BE20BD2FE900A0F6F6 /* HXDatePhotoViewTransition.m in Sources */ = {isa = PBXBuildFile; fileRef = CE29D98920BD2FE900A0F6F6 /* HXDatePhotoViewTransition.m */; };
		CE29D9BF20BD2FE900A0F6F6 /* HXPhotoSubViewCell.m in Sources */ = {isa = PBXBuildFile; fileRef = CE29D98D20BD2FE900A0F6F6 /* HXPhotoSubViewCell.m */; };
		CE29D9C020BD2FE900A0F6F6 /* HXAlbumModel.m in Sources */ = {isa = PBXBuildFile; fileRef = CE29D98F20BD2FE900A0F6F6 /* HXAlbumModel.m */; };
		CE29D9C120BD2FE900A0F6F6 /* UIButton+HXExtension.m in Sources */ = {isa = PBXBuildFile; fileRef = CE29D99220BD2FE900A0F6F6 /* UIButton+HXExtension.m */; };
		CE29D9C220BD2FE900A0F6F6 /* HXCustomPreviewView.m in Sources */ = {isa = PBXBuildFile; fileRef = CE29D99320BD2FE900A0F6F6 /* HXCustomPreviewView.m */; };
		CE29D9C320BD2FE900A0F6F6 /* HXCircleProgressView.m in Sources */ = {isa = PBXBuildFile; fileRef = CE29D99520BD2FE900A0F6F6 /* HXCircleProgressView.m */; };
		CE29D9C420BD2FE900A0F6F6 /* HXDateVideoEditViewController.m in Sources */ = {isa = PBXBuildFile; fileRef = CE29D99A20BD2FE900A0F6F6 /* HXDateVideoEditViewController.m */; };
		CE29D9C520BD2FE900A0F6F6 /* HXDatePhotoToolManager.m in Sources */ = {isa = PBXBuildFile; fileRef = CE29D99D20BD2FE900A0F6F6 /* HXDatePhotoToolManager.m */; };
		CE29D9C620BD2FE900A0F6F6 /* HXDatePhotoEditViewController.m in Sources */ = {isa = PBXBuildFile; fileRef = CE29D99E20BD2FE900A0F6F6 /* HXDatePhotoEditViewController.m */; };
		CE487788209993E60027E109 /* JYCWindow.m in Sources */ = {isa = PBXBuildFile; fileRef = CE487787209993E60027E109 /* JYCWindow.m */; };
		CE48778F2099951A0027E109 /* GWFCommentViewController.m in Sources */ = {isa = PBXBuildFile; fileRef = CE48778E2099951A0027E109 /* GWFCommentViewController.m */; };
		CE4877962099A6FB0027E109 /* GWFImageBrowserViewController.m in Sources */ = {isa = PBXBuildFile; fileRef = CE4877952099A6FB0027E109 /* GWFImageBrowserViewController.m */; };
		CE73631320A91DFA00DCEAB0 /* GWFAddButtonCell.m in Sources */ = {isa = PBXBuildFile; fileRef = CE73631220A91DFA00DCEAB0 /* GWFAddButtonCell.m */; };
		CE73631620A91E1000DCEAB0 /* GWFImageCell.m in Sources */ = {isa = PBXBuildFile; fileRef = CE73631520A91E1000DCEAB0 /* GWFImageCell.m */; };
		CE9A4F6520ABD25400D96030 /* GWFDataBaseManager.m in Sources */ = {isa = PBXBuildFile; fileRef = CE9A4F6420ABD25400D96030 /* GWFDataBaseManager.m */; };
		CE9A4F6820AC032900D96030 /* GWFDiscoverCell.m in Sources */ = {isa = PBXBuildFile; fileRef = CE9A4F6720AC032900D96030 /* GWFDiscoverCell.m */; };
		CE9A4F6C20AC061E00D96030 /* NSDate+MJ.m in Sources */ = {isa = PBXBuildFile; fileRef = CE9A4F6B20AC061E00D96030 /* NSDate+MJ.m */; };
		CE9A4F7020AC0C2C00D96030 /* MBProgressHUD+Add.m in Sources */ = {isa = PBXBuildFile; fileRef = CE9A4F6E20AC0C2C00D96030 /* MBProgressHUD+Add.m */; };
		CEB7E6F3208EBED300DBACD4 /* Main.storyboard in Resources */ = {isa = PBXBuildFile; fileRef = CEB7E6F1208EBED300DBACD4 /* Main.storyboard */; };
		CEB7E6F5208EBED400DBACD4 /* Assets.xcassets in Resources */ = {isa = PBXBuildFile; fileRef = CEB7E6F4208EBED400DBACD4 /* Assets.xcassets */; };
		CEB7E6F8208EBED400DBACD4 /* LaunchScreen.storyboard in Resources */ = {isa = PBXBuildFile; fileRef = CEB7E6F6208EBED400DBACD4 /* LaunchScreen.storyboard */; };
		CEB7E6FB208EBED400DBACD4 /* main.m in Sources */ = {isa = PBXBuildFile; fileRef = CEB7E6FA208EBED400DBACD4 /* main.m */; };
		CEB7E705208EBED400DBACD4 /* GWFImageBrowserTests.m in Sources */ = {isa = PBXBuildFile; fileRef = CEB7E704208EBED400DBACD4 /* GWFImageBrowserTests.m */; };
		CEB7E710208EBED400DBACD4 /* GWFImageBrowserUITests.m in Sources */ = {isa = PBXBuildFile; fileRef = CEB7E70F208EBED400DBACD4 /* GWFImageBrowserUITests.m */; };
		CEB7E724208EBFC500DBACD4 /* AppDelegate.m in Sources */ = {isa = PBXBuildFile; fileRef = CEB7E722208EBFC500DBACD4 /* AppDelegate.m */; };
		CEB7E74A208EC0AD00DBACD4 /* GWFNavigationController.m in Sources */ = {isa = PBXBuildFile; fileRef = CEB7E730208EC0AC00DBACD4 /* GWFNavigationController.m */; };
		CEB7E74B208EC0AD00DBACD4 /* GWFTabBarController.m in Sources */ = {isa = PBXBuildFile; fileRef = CEB7E733208EC0AC00DBACD4 /* GWFTabBarController.m */; };
		CEB7E74C208EC0AD00DBACD4 /* GWFTabbar.m in Sources */ = {isa = PBXBuildFile; fileRef = CEB7E737208EC0AD00DBACD4 /* GWFTabbar.m */; };
		CEB7E74D208EC0AD00DBACD4 /* GWFMeViewController.m in Sources */ = {isa = PBXBuildFile; fileRef = CEB7E73B208EC0AD00DBACD4 /* GWFMeViewController.m */; };
		CEB7E74E208EC0AD00DBACD4 /* GWFHomeViewController.m in Sources */ = {isa = PBXBuildFile; fileRef = CEB7E740208EC0AD00DBACD4 /* GWFHomeViewController.m */; };
		CEB7E74F208EC0AD00DBACD4 /* GWFDiscoverViewController.m in Sources */ = {isa = PBXBuildFile; fileRef = CEB7E747208EC0AD00DBACD4 /* GWFDiscoverViewController.m */; };
		CEB7E754208EC3D100DBACD4 /* UIImage+GWFUIImage.m in Sources */ = {isa = PBXBuildFile; fileRef = CEB7E753208EC3D100DBACD4 /* UIImage+GWFUIImage.m */; };
		CEB7E757208EC43600DBACD4 /* UIBarButtonItem+GWFItem.m in Sources */ = {isa = PBXBuildFile; fileRef = CEB7E756208EC43600DBACD4 /* UIBarButtonItem+GWFItem.m */; };
		CEC0A47B20AAC9DF00FDABB5 /* GWFCommentModel.m in Sources */ = {isa = PBXBuildFile; fileRef = CEC0A47A20AAC9DF00FDABB5 /* GWFCommentModel.m */; };
		CEC0A48020AACCE400FDABB5 /* ModelToJson.m in Sources */ = {isa = PBXBuildFile; fileRef = CEC0A47F20AACCE400FDABB5 /* ModelToJson.m */; };
		CEC3991F209AFF4500A8BFD7 /* GWFImageBrowserCell.m in Sources */ = {isa = PBXBuildFile; fileRef = CEC3991E209AFF4500A8BFD7 /* GWFImageBrowserCell.m */; };
		CED85A57209AE69E00DC473A /* GWFSettingViewController.m in Sources */ = {isa = PBXBuildFile; fileRef = CED85A56209AE69E00DC473A /* GWFSettingViewController.m */; };
		CED85A5A209AEDAC00DC473A /* ProgressView.m in Sources */ = {isa = PBXBuildFile; fileRef = CED85A58209AEDAC00DC473A /* ProgressView.m */; };
		CEEF595720AEBDC000DCFF1F /* GWFdiscoverImageItemCell.m in Sources */ = {isa = PBXBuildFile; fileRef = CEEF595620AEBDC000DCFF1F /* GWFdiscoverImageItemCell.m */; };
/* End PBXBuildFile section */

/* Begin PBXContainerItemProxy section */
		CEB7E701208EBED400DBACD4 /* PBXContainerItemProxy */ = {
			isa = PBXContainerItemProxy;
			containerPortal = CEB7E6E0208EBED200DBACD4 /* Project object */;
			proxyType = 1;
			remoteGlobalIDString = CEB7E6E7208EBED200DBACD4;
			remoteInfo = GWFImageBrowser;
		};
		CEB7E70C208EBED400DBACD4 /* PBXContainerItemProxy */ = {
			isa = PBXContainerItemProxy;
			containerPortal = CEB7E6E0208EBED200DBACD4 /* Project object */;
			proxyType = 1;
			remoteGlobalIDString = CEB7E6E7208EBED200DBACD4;
			remoteInfo = GWFImageBrowser;
		};
/* End PBXContainerItemProxy section */

/* Begin PBXFileReference section */
		093EDCB5B10E6F42E57F8AD2 /* Pods-GWFImageBrowser.debug.xcconfig */ = {isa = PBXFileReference; includeInIndex = 1; lastKnownFileType = text.xcconfig; name = "Pods-GWFImageBrowser.debug.xcconfig"; path = "Pods/Target Support Files/Pods-GWFImageBrowser/Pods-GWFImageBrowser.debug.xcconfig"; sourceTree = "<group>"; };
		5D80C961AC264EF64005A920 /* Pods_GWFImageBrowser.framework */ = {isa = PBXFileReference; explicitFileType = wrapper.framework; includeInIndex = 0; path = Pods_GWFImageBrowser.framework; sourceTree = BUILT_PRODUCTS_DIR; };
		68CAE6FEF5B9D4A970BCDA65 /* Pods-GWFImageBrowser.release.xcconfig */ = {isa = PBXFileReference; includeInIndex = 1; lastKnownFileType = text.xcconfig; name = "Pods-GWFImageBrowser.release.xcconfig"; path = "Pods/Target Support Files/Pods-GWFImageBrowser/Pods-GWFImageBrowser.release.xcconfig"; sourceTree = "<group>"; };
		CE04EAE620A43D6100C0B080 /* UIViewController+Basic.m */ = {isa = PBXFileReference; fileEncoding = 4; lastKnownFileType = sourcecode.c.objc; path = "UIViewController+Basic.m"; sourceTree = "<group>"; };
		CE04EAE720A43D6100C0B080 /* UIViewController+Basic.h */ = {isa = PBXFileReference; fileEncoding = 4; lastKnownFileType = sourcecode.c.h; path = "UIViewController+Basic.h"; sourceTree = "<group>"; };
		CE29D95420BD2FE900A0F6F6 /* HXCustomCameraViewController.m */ = {isa = PBXFileReference; fileEncoding = 4; lastKnownFileType = sourcecode.c.objc; path = HXCustomCameraViewController.m; sourceTree = "<group>"; };
		CE29D95520BD2FE900A0F6F6 /* UIViewController+HXExtension.m */ = {isa = PBXFileReference; fileEncoding = 4; lastKnownFileType = sourcecode.c.objc; path = "UIViewController+HXExtension.m"; sourceTree = "<group>"; };
		CE29D95620BD2FE900A0F6F6 /* HXPhotoConfiguration.m */ = {isa = PBXFileReference; fileEncoding = 4; lastKnownFileType = sourcecode.c.objc; path = HXPhotoConfiguration.m; sourceTree = "<group>"; };
		CE29D95720BD2FE900A0F6F6 /* HXDownloadProgressView.m */ = {isa = PBXFileReference; fileEncoding = 4; lastKnownFileType = sourcecode.c.objc; path = HXDownloadProgressView.m; sourceTree = "<group>"; };
		CE29D95820BD2FE900A0F6F6 /* HXCustomCameraController.h */ = {isa = PBXFileReference; fileEncoding = 4; lastKnownFileType = sourcecode.c.h; path = HXCustomCameraController.h; sourceTree = "<group>"; };
		CE29D95920BD2FE900A0F6F6 /* HXDatePhotoViewTransition.h */ = {isa = PBXFileReference; fileEncoding = 4; lastKnownFileType = sourcecode.c.h; path = HXDatePhotoViewTransition.h; sourceTree = "<group>"; };
		CE29D95A20BD2FE900A0F6F6 /* HXPhoto3DTouchViewController.m */ = {isa = PBXFileReference; fileEncoding = 4; lastKnownFileType = sourcecode.c.objc; path = HXPhoto3DTouchViewController.m; sourceTree = "<group>"; };
		CE29D95B20BD2FE900A0F6F6 /* HXDatePhotoPreviewBottomView.m */ = {isa = PBXFileReference; fileEncoding = 4; lastKnownFileType = sourcecode.c.objc; path = HXDatePhotoPreviewBottomView.m; sourceTree = "<group>"; };
		CE29D95C20BD2FE900A0F6F6 /* HXCustomNavigationController.h */ = {isa = PBXFileReference; fileEncoding = 4; lastKnownFileType = sourcecode.c.h; path = HXCustomNavigationController.h; sourceTree = "<group>"; };
		CE29D95D20BD2FE900A0F6F6 /* NSDate+HXExtension.h */ = {isa = PBXFileReference; fileEncoding = 4; lastKnownFileType = sourcecode.c.h; path = "NSDate+HXExtension.h"; sourceTree = "<group>"; };
		CE29D95E20BD2FE900A0F6F6 /* HXPhotoView.h */ = {isa = PBXFileReference; fileEncoding = 4; lastKnownFileType = sourcecode.c.h; path = HXPhotoView.h; sourceTree = "<group>"; };
		CE29D95F20BD2FE900A0F6F6 /* HXFullScreenCameraPlayView.h */ = {isa = PBXFileReference; fileEncoding = 4; lastKnownFileType = sourcecode.c.h; path = HXFullScreenCameraPlayView.h; sourceTree = "<group>"; };
		CE29D96020BD2FE900A0F6F6 /* NSBundle+HXWeiboPhotoPicker.m */ = {isa = PBXFileReference; fileEncoding = 4; lastKnownFileType = sourcecode.c.objc; path = "NSBundle+HXWeiboPhotoPicker.m"; sourceTree = "<group>"; };
		CE29D96120BD2FE900A0F6F6 /* HXCustomCollectionReusableView.h */ = {isa = PBXFileReference; fileEncoding = 4; lastKnownFileType = sourcecode.c.h; path = HXCustomCollectionReusableView.h; sourceTree = "<group>"; };
		CE29D96220BD2FE900A0F6F6 /* HXCollectionView.m */ = {isa = PBXFileReference; fileEncoding = 4; lastKnownFileType = sourcecode.c.objc; path = HXCollectionView.m; sourceTree = "<group>"; };
		CE29D96320BD2FE900A0F6F6 /* UIImage+HXExtension.h */ = {isa = PBXFileReference; fileEncoding = 4; lastKnownFileType = sourcecode.c.h; path = "UIImage+HXExtension.h"; sourceTree = "<group>"; };
		CE29D96420BD2FE900A0F6F6 /* UIImageView+HXExtension.m */ = {isa = PBXFileReference; fileEncoding = 4; lastKnownFileType = sourcecode.c.objc; path = "UIImageView+HXExtension.m"; sourceTree = "<group>"; };
		CE29D96520BD2FE900A0F6F6 /* UIFont+HXExtension.m */ = {isa = PBXFileReference; fileEncoding = 4; lastKnownFileType = sourcecode.c.objc; path = "UIFont+HXExtension.m"; sourceTree = "<group>"; };
		CE29D96620BD2FE900A0F6F6 /* HXCircleProgressView.h */ = {isa = PBXFileReference; fileEncoding = 4; lastKnownFileType = sourcecode.c.h; path = HXCircleProgressView.h; sourceTree = "<group>"; };
		CE29D96720BD2FE900A0F6F6 /* HXDatePhotoInteractiveTransition.m */ = {isa = PBXFileReference; fileEncoding = 4; lastKnownFileType = sourcecode.c.objc; path = HXDatePhotoInteractiveTransition.m; sourceTree = "<group>"; };
		CE29D96820BD2FE900A0F6F6 /* HXPhotoModel.m */ = {isa = PBXFileReference; fileEncoding = 4; lastKnownFileType = sourcecode.c.objc; path = HXPhotoModel.m; sourceTree = "<group>"; };
		CE29D96920BD2FE900A0F6F6 /* HXAlbumListViewController.m */ = {isa = PBXFileReference; fileEncoding = 4; lastKnownFileType = sourcecode.c.objc; path = HXAlbumListViewController.m; sourceTree = "<group>"; };
		CE29D96A20BD2FE900A0F6F6 /* UIButton+HXExtension.h */ = {isa = PBXFileReference; fileEncoding = 4; lastKnownFileType = sourcecode.c.h; path = "UIButton+HXExtension.h"; sourceTree = "<group>"; };
		CE29D96B20BD2FE900A0F6F6 /* HXCustomPreviewView.h */ = {isa = PBXFileReference; fileEncoding = 4; lastKnownFileType = sourcecode.c.h; path = HXCustomPreviewView.h; sourceTree = "<group>"; };
		CE29D96C20BD2FE900A0F6F6 /* UIView+HXExtension.m */ = {isa = PBXFileReference; fileEncoding = 4; lastKnownFileType = sourcecode.c.objc; path = "UIView+HXExtension.m"; sourceTree = "<group>"; };
		CE29D96D20BD2FE900A0F6F6 /* HXPhotoCustomNavigationBar.m */ = {isa = PBXFileReference; fileEncoding = 4; lastKnownFileType = sourcecode.c.objc; path = HXPhotoCustomNavigationBar.m; sourceTree = "<group>"; };
		CE29D96E20BD2FE900A0F6F6 /* HXAlbumModel.h */ = {isa = PBXFileReference; fileEncoding = 4; lastKnownFileType = sourcecode.c.h; path = HXAlbumModel.h; sourceTree = "<group>"; };
		CE29D96F20BD2FE900A0F6F6 /* HXPhotoTools.m */ = {isa = PBXFileReference; fileEncoding = 4; lastKnownFileType = sourcecode.c.objc; path = HXPhotoTools.m; sourceTree = "<group>"; };
		CE29D97020BD2FE900A0F6F6 /* HXPhotoSubViewCell.h */ = {isa = PBXFileReference; fileEncoding = 4; lastKnownFileType = sourcecode.c.h; path = HXPhotoSubViewCell.h; sourceTree = "<group>"; };
		CE29D97120BD2FE900A0F6F6 /* HXDatePhotoPreviewViewController.m */ = {isa = PBXFileReference; fileEncoding = 4; lastKnownFileType = sourcecode.c.objc; path = HXDatePhotoPreviewViewController.m; sourceTree = "<group>"; };
		CE29D97220BD2FE900A0F6F6 /* HXDatePhotoViewFlowLayout.m */ = {isa = PBXFileReference; fileEncoding = 4; lastKnownFileType = sourcecode.c.objc; path = HXDatePhotoViewFlowLayout.m; sourceTree = "<group>"; };
		CE29D97320BD2FE900A0F6F6 /* HXDatePhotoViewController.m */ = {isa = PBXFileReference; fileEncoding = 4; lastKnownFileType = sourcecode.c.objc; path = HXDatePhotoViewController.m; sourceTree = "<group>"; };
		CE29D97420BD2FE900A0F6F6 /* HXDatePhotoEditViewController.h */ = {isa = PBXFileReference; fileEncoding = 4; lastKnownFileType = sourcecode.c.h; path = HXDatePhotoEditViewController.h; sourceTree = "<group>"; };
		CE29D97520BD2FE900A0F6F6 /* HXDatePhotoToolManager.h */ = {isa = PBXFileReference; fileEncoding = 4; lastKnownFileType = sourcecode.c.h; path = HXDatePhotoToolManager.h; sourceTree = "<group>"; };
		CE29D97620BD2FE900A0F6F6 /* HXPhotoManager.m */ = {isa = PBXFileReference; fileEncoding = 4; lastKnownFileType = sourcecode.c.objc; path = HXPhotoManager.m; sourceTree = "<group>"; };
		CE29D97720BD2FE900A0F6F6 /* HXDatePhotoViewPresentTransition.m */ = {isa = PBXFileReference; fileEncoding = 4; lastKnownFileType = sourcecode.c.objc; path = HXDatePhotoViewPresentTransition.m; sourceTree = "<group>"; };
		CE29D97820BD2FE900A0F6F6 /* HXDateVideoEditViewController.h */ = {isa = PBXFileReference; fileEncoding = 4; lastKnownFileType = sourcecode.c.h; path = HXDateVideoEditViewController.h; sourceTree = "<group>"; };
		CE29D97920BD2FE900A0F6F6 /* HXPhotoDefine.h */ = {isa = PBXFileReference; fileEncoding = 4; lastKnownFileType = sourcecode.c.h; path = HXPhotoDefine.h; sourceTree = "<group>"; };
		CE29D97A20BD2FE900A0F6F6 /* HXCustomCameraController.m */ = {isa = PBXFileReference; fileEncoding = 4; lastKnownFileType = sourcecode.c.objc; path = HXCustomCameraController.m; sourceTree = "<group>"; };
		CE29D97B20BD2FE900A0F6F6 /* HXDownloadProgressView.h */ = {isa = PBXFileReference; fileEncoding = 4; lastKnownFileType = sourcecode.c.h; path = HXDownloadProgressView.h; sourceTree = "<group>"; };
		CE29D97C20BD2FE900A0F6F6 /* HXPhotoConfiguration.h */ = {isa = PBXFileReference; fileEncoding = 4; lastKnownFileType = sourcecode.c.h; path = HXPhotoConfiguration.h; sourceTree = "<group>"; };
		CE29D97D20BD2FE900A0F6F6 /* UIViewController+HXExtension.h */ = {isa = PBXFileReference; fileEncoding = 4; lastKnownFileType = sourcecode.c.h; path = "UIViewController+HXExtension.h"; sourceTree = "<group>"; };
		CE29D97E20BD2FE900A0F6F6 /* HXCustomCameraViewController.h */ = {isa = PBXFileReference; fileEncoding = 4; lastKnownFileType = sourcecode.c.h; path = HXCustomCameraViewController.h; sourceTree = "<group>"; };
		CE29D97F20BD2FE900A0F6F6 /* HXCollectionView.h */ = {isa = PBXFileReference; fileEncoding = 4; lastKnownFileType = sourcecode.c.h; path = HXCollectionView.h; sourceTree = "<group>"; };
		CE29D98020BD2FE900A0F6F6 /* UIImage+HXExtension.m */ = {isa = PBXFileReference; fileEncoding = 4; lastKnownFileType = sourcecode.c.objc; path = "UIImage+HXExtension.m"; sourceTree = "<group>"; };
		CE29D98120BD2FE900A0F6F6 /* HXCustomCollectionReusableView.m */ = {isa = PBXFileReference; fileEncoding = 4; lastKnownFileType = sourcecode.c.objc; path = HXCustomCollectionReusableView.m; sourceTree = "<group>"; };
		CE29D98220BD2FE900A0F6F6 /* HXWeiboPhotoPicker.bundle */ = {isa = PBXFileReference; lastKnownFileType = "wrapper.plug-in"; path = HXWeiboPhotoPicker.bundle; sourceTree = "<group>"; };
		CE29D98320BD2FE900A0F6F6 /* NSBundle+HXWeiboPhotoPicker.h */ = {isa = PBXFileReference; fileEncoding = 4; lastKnownFileType = sourcecode.c.h; path = "NSBundle+HXWeiboPhotoPicker.h"; sourceTree = "<group>"; };
		CE29D98420BD2FE900A0F6F6 /* HXPhotoPicker.h */ = {isa = PBXFileReference; fileEncoding = 4; lastKnownFileType = sourcecode.c.h; path = HXPhotoPicker.h; sourceTree = "<group>"; };
		CE29D98520BD2FE900A0F6F6 /* HXPhotoView.m */ = {isa = PBXFileReference; fileEncoding = 4; lastKnownFileType = sourcecode.c.objc; path = HXPhotoView.m; sourceTree = "<group>"; };
		CE29D98620BD2FE900A0F6F6 /* HXFullScreenCameraPlayView.m */ = {isa = PBXFileReference; fileEncoding = 4; lastKnownFileType = sourcecode.c.objc; path = HXFullScreenCameraPlayView.m; sourceTree = "<group>"; };
		CE29D98720BD2FE900A0F6F6 /* NSDate+HXExtension.m */ = {isa = PBXFileReference; fileEncoding = 4; lastKnownFileType = sourcecode.c.objc; path = "NSDate+HXExtension.m"; sourceTree = "<group>"; };
		CE29D98820BD2FE900A0F6F6 /* HXCustomNavigationController.m */ = {isa = PBXFileReference; fileEncoding = 4; lastKnownFileType = sourcecode.c.objc; path = HXCustomNavigationController.m; sourceTree = "<group>"; };
		CE29D98920BD2FE900A0F6F6 /* HXDatePhotoViewTransition.m */ = {isa = PBXFileReference; fileEncoding = 4; lastKnownFileType = sourcecode.c.objc; path = HXDatePhotoViewTransition.m; sourceTree = "<group>"; };
		CE29D98A20BD2FE900A0F6F6 /* HXDatePhotoPreviewBottomView.h */ = {isa = PBXFileReference; fileEncoding = 4; lastKnownFileType = sourcecode.c.h; path = HXDatePhotoPreviewBottomView.h; sourceTree = "<group>"; };
		CE29D98B20BD2FE900A0F6F6 /* HXPhoto3DTouchViewController.h */ = {isa = PBXFileReference; fileEncoding = 4; lastKnownFileType = sourcecode.c.h; path = HXPhoto3DTouchViewController.h; sourceTree = "<group>"; };
		CE29D98C20BD2FE900A0F6F6 /* HXDatePhotoPreviewViewController.h */ = {isa = PBXFileReference; fileEncoding = 4; lastKnownFileType = sourcecode.c.h; path = HXDatePhotoPreviewViewController.h; sourceTree = "<group>"; };
		CE29D98D20BD2FE900A0F6F6 /* HXPhotoSubViewCell.m */ = {isa = PBXFileReference; fileEncoding = 4; lastKnownFileType = sourcecode.c.objc; path = HXPhotoSubViewCell.m; sourceTree = "<group>"; };
		CE29D98E20BD2FE900A0F6F6 /* HXPhotoTools.h */ = {isa = PBXFileReference; fileEncoding = 4; lastKnownFileType = sourcecode.c.h; path = HXPhotoTools.h; sourceTree = "<group>"; };
		CE29D98F20BD2FE900A0F6F6 /* HXAlbumModel.m */ = {isa = PBXFileReference; fileEncoding = 4; lastKnownFileType = sourcecode.c.objc; path = HXAlbumModel.m; sourceTree = "<group>"; };
		CE29D99020BD2FE900A0F6F6 /* UIView+HXExtension.h */ = {isa = PBXFileReference; fileEncoding = 4; lastKnownFileType = sourcecode.c.h; path = "UIView+HXExtension.h"; sourceTree = "<group>"; };
		CE29D99120BD2FE900A0F6F6 /* HXPhotoCustomNavigationBar.h */ = {isa = PBXFileReference; fileEncoding = 4; lastKnownFileType = sourcecode.c.h; path = HXPhotoCustomNavigationBar.h; sourceTree = "<group>"; };
		CE29D99220BD2FE900A0F6F6 /* UIButton+HXExtension.m */ = {isa = PBXFileReference; fileEncoding = 4; lastKnownFileType = sourcecode.c.objc; path = "UIButton+HXExtension.m"; sourceTree = "<group>"; };
		CE29D99320BD2FE900A0F6F6 /* HXCustomPreviewView.m */ = {isa = PBXFileReference; fileEncoding = 4; lastKnownFileType = sourcecode.c.objc; path = HXCustomPreviewView.m; sourceTree = "<group>"; };
		CE29D99420BD2FE900A0F6F6 /* HXAlbumListViewController.h */ = {isa = PBXFileReference; fileEncoding = 4; lastKnownFileType = sourcecode.c.h; path = HXAlbumListViewController.h; sourceTree = "<group>"; };
		CE29D99520BD2FE900A0F6F6 /* HXCircleProgressView.m */ = {isa = PBXFileReference; fileEncoding = 4; lastKnownFileType = sourcecode.c.objc; path = HXCircleProgressView.m; sourceTree = "<group>"; };
		CE29D99620BD2FE900A0F6F6 /* UIFont+HXExtension.h */ = {isa = PBXFileReference; fileEncoding = 4; lastKnownFileType = sourcecode.c.h; path = "UIFont+HXExtension.h"; sourceTree = "<group>"; };
		CE29D99720BD2FE900A0F6F6 /* HXPhotoModel.h */ = {isa = PBXFileReference; fileEncoding = 4; lastKnownFileType = sourcecode.c.h; path = HXPhotoModel.h; sourceTree = "<group>"; };
		CE29D99820BD2FE900A0F6F6 /* HXDatePhotoInteractiveTransition.h */ = {isa = PBXFileReference; fileEncoding = 4; lastKnownFileType = sourcecode.c.h; path = HXDatePhotoInteractiveTransition.h; sourceTree = "<group>"; };
		CE29D99920BD2FE900A0F6F6 /* UIImageView+HXExtension.h */ = {isa = PBXFileReference; fileEncoding = 4; lastKnownFileType = sourcecode.c.h; path = "UIImageView+HXExtension.h"; sourceTree = "<group>"; };
		CE29D99A20BD2FE900A0F6F6 /* HXDateVideoEditViewController.m */ = {isa = PBXFileReference; fileEncoding = 4; lastKnownFileType = sourcecode.c.objc; path = HXDateVideoEditViewController.m; sourceTree = "<group>"; };
		CE29D99B20BD2FE900A0F6F6 /* HXPhotoManager.h */ = {isa = PBXFileReference; fileEncoding = 4; lastKnownFileType = sourcecode.c.h; path = HXPhotoManager.h; sourceTree = "<group>"; };
		CE29D99C20BD2FE900A0F6F6 /* HXDatePhotoViewPresentTransition.h */ = {isa = PBXFileReference; fileEncoding = 4; lastKnownFileType = sourcecode.c.h; path = HXDatePhotoViewPresentTransition.h; sourceTree = "<group>"; };
		CE29D99D20BD2FE900A0F6F6 /* HXDatePhotoToolManager.m */ = {isa = PBXFileReference; fileEncoding = 4; lastKnownFileType = sourcecode.c.objc; path = HXDatePhotoToolManager.m; sourceTree = "<group>"; };
		CE29D99E20BD2FE900A0F6F6 /* HXDatePhotoEditViewController.m */ = {isa = PBXFileReference; fileEncoding = 4; lastKnownFileType = sourcecode.c.objc; path = HXDatePhotoEditViewController.m; sourceTree = "<group>"; };
		CE29D99F20BD2FE900A0F6F6 /* HXDatePhotoViewController.h */ = {isa = PBXFileReference; fileEncoding = 4; lastKnownFileType = sourcecode.c.h; path = HXDatePhotoViewController.h; sourceTree = "<group>"; };
		CE29D9A020BD2FE900A0F6F6 /* HXDatePhotoViewFlowLayout.h */ = {isa = PBXFileReference; fileEncoding = 4; lastKnownFileType = sourcecode.c.h; path = HXDatePhotoViewFlowLayout.h; sourceTree = "<group>"; };
		CE487786209993E50027E109 /* JYCWindow.h */ = {isa = PBXFileReference; fileEncoding = 4; lastKnownFileType = sourcecode.c.h; path = JYCWindow.h; sourceTree = "<group>"; };
		CE487787209993E60027E109 /* JYCWindow.m */ = {isa = PBXFileReference; fileEncoding = 4; lastKnownFileType = sourcecode.c.objc; path = JYCWindow.m; sourceTree = "<group>"; };
		CE48778D2099951A0027E109 /* GWFCommentViewController.h */ = {isa = PBXFileReference; lastKnownFileType = sourcecode.c.h; path = GWFCommentViewController.h; sourceTree = "<group>"; };
		CE48778E2099951A0027E109 /* GWFCommentViewController.m */ = {isa = PBXFileReference; lastKnownFileType = sourcecode.c.objc; path = GWFCommentViewController.m; sourceTree = "<group>"; };
		CE4877942099A6FB0027E109 /* GWFImageBrowserViewController.h */ = {isa = PBXFileReference; lastKnownFileType = sourcecode.c.h; path = GWFImageBrowserViewController.h; sourceTree = "<group>"; };
		CE4877952099A6FB0027E109 /* GWFImageBrowserViewController.m */ = {isa = PBXFileReference; lastKnownFileType = sourcecode.c.objc; path = GWFImageBrowserViewController.m; sourceTree = "<group>"; };
		CE73631120A91DFA00DCEAB0 /* GWFAddButtonCell.h */ = {isa = PBXFileReference; lastKnownFileType = sourcecode.c.h; path = GWFAddButtonCell.h; sourceTree = "<group>"; };
		CE73631220A91DFA00DCEAB0 /* GWFAddButtonCell.m */ = {isa = PBXFileReference; lastKnownFileType = sourcecode.c.objc; path = GWFAddButtonCell.m; sourceTree = "<group>"; };
		CE73631420A91E1000DCEAB0 /* GWFImageCell.h */ = {isa = PBXFileReference; lastKnownFileType = sourcecode.c.h; path = GWFImageCell.h; sourceTree = "<group>"; };
		CE73631520A91E1000DCEAB0 /* GWFImageCell.m */ = {isa = PBXFileReference; lastKnownFileType = sourcecode.c.objc; path = GWFImageCell.m; sourceTree = "<group>"; };
		CE9A4F6320ABD25400D96030 /* GWFDataBaseManager.h */ = {isa = PBXFileReference; lastKnownFileType = sourcecode.c.h; path = GWFDataBaseManager.h; sourceTree = "<group>"; };
		CE9A4F6420ABD25400D96030 /* GWFDataBaseManager.m */ = {isa = PBXFileReference; lastKnownFileType = sourcecode.c.objc; path = GWFDataBaseManager.m; sourceTree = "<group>"; };
		CE9A4F6620AC032900D96030 /* GWFDiscoverCell.h */ = {isa = PBXFileReference; lastKnownFileType = sourcecode.c.h; path = GWFDiscoverCell.h; sourceTree = "<group>"; };
		CE9A4F6720AC032900D96030 /* GWFDiscoverCell.m */ = {isa = PBXFileReference; lastKnownFileType = sourcecode.c.objc; path = GWFDiscoverCell.m; sourceTree = "<group>"; };
		CE9A4F6A20AC061E00D96030 /* NSDate+MJ.h */ = {isa = PBXFileReference; fileEncoding = 4; lastKnownFileType = sourcecode.c.h; path = "NSDate+MJ.h"; sourceTree = "<group>"; };
		CE9A4F6B20AC061E00D96030 /* NSDate+MJ.m */ = {isa = PBXFileReference; fileEncoding = 4; lastKnownFileType = sourcecode.c.objc; path = "NSDate+MJ.m"; sourceTree = "<group>"; };
		CE9A4F6E20AC0C2C00D96030 /* MBProgressHUD+Add.m */ = {isa = PBXFileReference; fileEncoding = 4; lastKnownFileType = sourcecode.c.objc; path = "MBProgressHUD+Add.m"; sourceTree = "<group>"; };
		CE9A4F6F20AC0C2C00D96030 /* MBProgressHUD+Add.h */ = {isa = PBXFileReference; fileEncoding = 4; lastKnownFileType = sourcecode.c.h; path = "MBProgressHUD+Add.h"; sourceTree = "<group>"; };
		CEB7E6E8208EBED200DBACD4 /* GWFImageBrowser.app */ = {isa = PBXFileReference; explicitFileType = wrapper.application; includeInIndex = 0; path = GWFImageBrowser.app; sourceTree = BUILT_PRODUCTS_DIR; };
		CEB7E6F2208EBED300DBACD4 /* Base */ = {isa = PBXFileReference; lastKnownFileType = file.storyboard; name = Base; path = Base.lproj/Main.storyboard; sourceTree = "<group>"; };
		CEB7E6F4208EBED400DBACD4 /* Assets.xcassets */ = {isa = PBXFileReference; lastKnownFileType = folder.assetcatalog; path = Assets.xcassets; sourceTree = "<group>"; };
		CEB7E6F7208EBED400DBACD4 /* Base */ = {isa = PBXFileReference; lastKnownFileType = file.storyboard; name = Base; path = Base.lproj/LaunchScreen.storyboard; sourceTree = "<group>"; };
		CEB7E6F9208EBED400DBACD4 /* Info.plist */ = {isa = PBXFileReference; lastKnownFileType = text.plist.xml; path = Info.plist; sourceTree = "<group>"; };
		CEB7E6FA208EBED400DBACD4 /* main.m */ = {isa = PBXFileReference; lastKnownFileType = sourcecode.c.objc; path = main.m; sourceTree = "<group>"; };
		CEB7E700208EBED400DBACD4 /* GWFImageBrowserTests.xctest */ = {isa = PBXFileReference; explicitFileType = wrapper.cfbundle; includeInIndex = 0; path = GWFImageBrowserTests.xctest; sourceTree = BUILT_PRODUCTS_DIR; };
		CEB7E704208EBED400DBACD4 /* GWFImageBrowserTests.m */ = {isa = PBXFileReference; lastKnownFileType = sourcecode.c.objc; path = GWFImageBrowserTests.m; sourceTree = "<group>"; };
		CEB7E706208EBED400DBACD4 /* Info.plist */ = {isa = PBXFileReference; lastKnownFileType = text.plist.xml; path = Info.plist; sourceTree = "<group>"; };
		CEB7E70B208EBED400DBACD4 /* GWFImageBrowserUITests.xctest */ = {isa = PBXFileReference; explicitFileType = wrapper.cfbundle; includeInIndex = 0; path = GWFImageBrowserUITests.xctest; sourceTree = BUILT_PRODUCTS_DIR; };
		CEB7E70F208EBED400DBACD4 /* GWFImageBrowserUITests.m */ = {isa = PBXFileReference; lastKnownFileType = sourcecode.c.objc; path = GWFImageBrowserUITests.m; sourceTree = "<group>"; };
		CEB7E711208EBED400DBACD4 /* Info.plist */ = {isa = PBXFileReference; lastKnownFileType = text.plist.xml; path = Info.plist; sourceTree = "<group>"; };
		CEB7E721208EBFC500DBACD4 /* AppDelegate.h */ = {isa = PBXFileReference; fileEncoding = 4; lastKnownFileType = sourcecode.c.h; path = AppDelegate.h; sourceTree = "<group>"; };
		CEB7E722208EBFC500DBACD4 /* AppDelegate.m */ = {isa = PBXFileReference; fileEncoding = 4; lastKnownFileType = sourcecode.c.objc; path = AppDelegate.m; sourceTree = "<group>"; };
		CEB7E730208EC0AC00DBACD4 /* GWFNavigationController.m */ = {isa = PBXFileReference; fileEncoding = 4; lastKnownFileType = sourcecode.c.objc; path = GWFNavigationController.m; sourceTree = "<group>"; };
		CEB7E731208EC0AC00DBACD4 /* GWFTabBarController.h */ = {isa = PBXFileReference; fileEncoding = 4; lastKnownFileType = sourcecode.c.h; path = GWFTabBarController.h; sourceTree = "<group>"; };
		CEB7E732208EC0AC00DBACD4 /* GWFNavigationController.h */ = {isa = PBXFileReference; fileEncoding = 4; lastKnownFileType = sourcecode.c.h; path = GWFNavigationController.h; sourceTree = "<group>"; };
		CEB7E733208EC0AC00DBACD4 /* GWFTabBarController.m */ = {isa = PBXFileReference; fileEncoding = 4; lastKnownFileType = sourcecode.c.objc; path = GWFTabBarController.m; sourceTree = "<group>"; };
		CEB7E736208EC0AC00DBACD4 /* GWFTabbar.h */ = {isa = PBXFileReference; fileEncoding = 4; lastKnownFileType = sourcecode.c.h; path = GWFTabbar.h; sourceTree = "<group>"; };
		CEB7E737208EC0AD00DBACD4 /* GWFTabbar.m */ = {isa = PBXFileReference; fileEncoding = 4; lastKnownFileType = sourcecode.c.objc; path = GWFTabbar.m; sourceTree = "<group>"; };
		CEB7E73A208EC0AD00DBACD4 /* GWFMeViewController.h */ = {isa = PBXFileReference; fileEncoding = 4; lastKnownFileType = sourcecode.c.h; path = GWFMeViewController.h; sourceTree = "<group>"; };
		CEB7E73B208EC0AD00DBACD4 /* GWFMeViewController.m */ = {isa = PBXFileReference; fileEncoding = 4; lastKnownFileType = sourcecode.c.objc; path = GWFMeViewController.m; sourceTree = "<group>"; };
		CEB7E740208EC0AD00DBACD4 /* GWFHomeViewController.m */ = {isa = PBXFileReference; fileEncoding = 4; lastKnownFileType = sourcecode.c.objc; path = GWFHomeViewController.m; sourceTree = "<group>"; };
		CEB7E741208EC0AD00DBACD4 /* GWFHomeViewController.h */ = {isa = PBXFileReference; fileEncoding = 4; lastKnownFileType = sourcecode.c.h; path = GWFHomeViewController.h; sourceTree = "<group>"; };
		CEB7E746208EC0AD00DBACD4 /* GWFDiscoverViewController.h */ = {isa = PBXFileReference; fileEncoding = 4; lastKnownFileType = sourcecode.c.h; path = GWFDiscoverViewController.h; sourceTree = "<group>"; };
		CEB7E747208EC0AD00DBACD4 /* GWFDiscoverViewController.m */ = {isa = PBXFileReference; fileEncoding = 4; lastKnownFileType = sourcecode.c.objc; path = GWFDiscoverViewController.m; sourceTree = "<group>"; };
		CEB7E750208EC0FF00DBACD4 /* GWFImageHeader.pch */ = {isa = PBXFileReference; lastKnownFileType = sourcecode.c.h; path = GWFImageHeader.pch; sourceTree = "<group>"; };
		CEB7E752208EC3D100DBACD4 /* UIImage+GWFUIImage.h */ = {isa = PBXFileReference; fileEncoding = 4; lastKnownFileType = sourcecode.c.h; path = "UIImage+GWFUIImage.h"; sourceTree = "<group>"; };
		CEB7E753208EC3D100DBACD4 /* UIImage+GWFUIImage.m */ = {isa = PBXFileReference; fileEncoding = 4; lastKnownFileType = sourcecode.c.objc; path = "UIImage+GWFUIImage.m"; sourceTree = "<group>"; };
		CEB7E755208EC43600DBACD4 /* UIBarButtonItem+GWFItem.h */ = {isa = PBXFileReference; fileEncoding = 4; lastKnownFileType = sourcecode.c.h; path = "UIBarButtonItem+GWFItem.h"; sourceTree = "<group>"; };
		CEB7E756208EC43600DBACD4 /* UIBarButtonItem+GWFItem.m */ = {isa = PBXFileReference; fileEncoding = 4; lastKnownFileType = sourcecode.c.objc; path = "UIBarButtonItem+GWFItem.m"; sourceTree = "<group>"; };
		CEC0A47920AAC9DF00FDABB5 /* GWFCommentModel.h */ = {isa = PBXFileReference; lastKnownFileType = sourcecode.c.h; path = GWFCommentModel.h; sourceTree = "<group>"; };
		CEC0A47A20AAC9DF00FDABB5 /* GWFCommentModel.m */ = {isa = PBXFileReference; lastKnownFileType = sourcecode.c.objc; path = GWFCommentModel.m; sourceTree = "<group>"; };
		CEC0A47E20AACCE400FDABB5 /* ModelToJson.h */ = {isa = PBXFileReference; fileEncoding = 4; lastKnownFileType = sourcecode.c.h; path = ModelToJson.h; sourceTree = "<group>"; };
		CEC0A47F20AACCE400FDABB5 /* ModelToJson.m */ = {isa = PBXFileReference; fileEncoding = 4; lastKnownFileType = sourcecode.c.objc; path = ModelToJson.m; sourceTree = "<group>"; };
		CEC3991D209AFF4500A8BFD7 /* GWFImageBrowserCell.h */ = {isa = PBXFileReference; lastKnownFileType = sourcecode.c.h; path = GWFImageBrowserCell.h; sourceTree = "<group>"; };
		CEC3991E209AFF4500A8BFD7 /* GWFImageBrowserCell.m */ = {isa = PBXFileReference; lastKnownFileType = sourcecode.c.objc; path = GWFImageBrowserCell.m; sourceTree = "<group>"; };
		CED85A55209AE69E00DC473A /* GWFSettingViewController.h */ = {isa = PBXFileReference; lastKnownFileType = sourcecode.c.h; path = GWFSettingViewController.h; sourceTree = "<group>"; };
		CED85A56209AE69E00DC473A /* GWFSettingViewController.m */ = {isa = PBXFileReference; lastKnownFileType = sourcecode.c.objc; path = GWFSettingViewController.m; sourceTree = "<group>"; };
		CED85A58209AEDAC00DC473A /* ProgressView.m */ = {isa = PBXFileReference; fileEncoding = 4; lastKnownFileType = sourcecode.c.objc; path = ProgressView.m; sourceTree = "<group>"; };
		CED85A59209AEDAC00DC473A /* ProgressView.h */ = {isa = PBXFileReference; fileEncoding = 4; lastKnownFileType = sourcecode.c.h; path = ProgressView.h; sourceTree = "<group>"; };
		CEEF595520AEBDC000DCFF1F /* GWFdiscoverImageItemCell.h */ = {isa = PBXFileReference; lastKnownFileType = sourcecode.c.h; path = GWFdiscoverImageItemCell.h; sourceTree = "<group>"; };
		CEEF595620AEBDC000DCFF1F /* GWFdiscoverImageItemCell.m */ = {isa = PBXFileReference; lastKnownFileType = sourcecode.c.objc; path = GWFdiscoverImageItemCell.m; sourceTree = "<group>"; };
/* End PBXFileReference section */

/* Begin PBXFrameworksBuildPhase section */
		CEB7E6E5208EBED200DBACD4 /* Frameworks */ = {
			isa = PBXFrameworksBuildPhase;
			buildActionMask = 2147483647;
			files = (
				9FF93115DEE1E0447D91E601 /* Pods_GWFImageBrowser.framework in Frameworks */,
			);
			runOnlyForDeploymentPostprocessing = 0;
		};
		CEB7E6FD208EBED400DBACD4 /* Frameworks */ = {
			isa = PBXFrameworksBuildPhase;
			buildActionMask = 2147483647;
			files = (
			);
			runOnlyForDeploymentPostprocessing = 0;
		};
		CEB7E708208EBED400DBACD4 /* Frameworks */ = {
			isa = PBXFrameworksBuildPhase;
			buildActionMask = 2147483647;
			files = (
			);
			runOnlyForDeploymentPostprocessing = 0;
		};
/* End PBXFrameworksBuildPhase section */

/* Begin PBXGroup section */
		10BD7CD994E20539CF64D7B9 /* Pods */ = {
			isa = PBXGroup;
			children = (
				093EDCB5B10E6F42E57F8AD2 /* Pods-GWFImageBrowser.debug.xcconfig */,
				68CAE6FEF5B9D4A970BCDA65 /* Pods-GWFImageBrowser.release.xcconfig */,
			);
			name = Pods;
			sourceTree = "<group>";
		};
		8416B6D5A728F3FAB2AC838A /* Frameworks */ = {
			isa = PBXGroup;
			children = (
				5D80C961AC264EF64005A920 /* Pods_GWFImageBrowser.framework */,
			);
			name = Frameworks;
			sourceTree = "<group>";
		};
		CE29D95320BD2FE900A0F6F6 /* HXWeiboPhotoPicker */ = {
			isa = PBXGroup;
			children = (
				CE29D95420BD2FE900A0F6F6 /* HXCustomCameraViewController.m */,
				CE29D95520BD2FE900A0F6F6 /* UIViewController+HXExtension.m */,
				CE29D95620BD2FE900A0F6F6 /* HXPhotoConfiguration.m */,
				CE29D95720BD2FE900A0F6F6 /* HXDownloadProgressView.m */,
				CE29D95820BD2FE900A0F6F6 /* HXCustomCameraController.h */,
				CE29D95920BD2FE900A0F6F6 /* HXDatePhotoViewTransition.h */,
				CE29D95A20BD2FE900A0F6F6 /* HXPhoto3DTouchViewController.m */,
				CE29D95B20BD2FE900A0F6F6 /* HXDatePhotoPreviewBottomView.m */,
				CE29D95C20BD2FE900A0F6F6 /* HXCustomNavigationController.h */,
				CE29D95D20BD2FE900A0F6F6 /* NSDate+HXExtension.h */,
				CE29D95E20BD2FE900A0F6F6 /* HXPhotoView.h */,
				CE29D95F20BD2FE900A0F6F6 /* HXFullScreenCameraPlayView.h */,
				CE29D96020BD2FE900A0F6F6 /* NSBundle+HXWeiboPhotoPicker.m */,
				CE29D96120BD2FE900A0F6F6 /* HXCustomCollectionReusableView.h */,
				CE29D96220BD2FE900A0F6F6 /* HXCollectionView.m */,
				CE29D96320BD2FE900A0F6F6 /* UIImage+HXExtension.h */,
				CE29D96420BD2FE900A0F6F6 /* UIImageView+HXExtension.m */,
				CE29D96520BD2FE900A0F6F6 /* UIFont+HXExtension.m */,
				CE29D96620BD2FE900A0F6F6 /* HXCircleProgressView.h */,
				CE29D96720BD2FE900A0F6F6 /* HXDatePhotoInteractiveTransition.m */,
				CE29D96820BD2FE900A0F6F6 /* HXPhotoModel.m */,
				CE29D96920BD2FE900A0F6F6 /* HXAlbumListViewController.m */,
				CE29D96A20BD2FE900A0F6F6 /* UIButton+HXExtension.h */,
				CE29D96B20BD2FE900A0F6F6 /* HXCustomPreviewView.h */,
				CE29D96C20BD2FE900A0F6F6 /* UIView+HXExtension.m */,
				CE29D96D20BD2FE900A0F6F6 /* HXPhotoCustomNavigationBar.m */,
				CE29D96E20BD2FE900A0F6F6 /* HXAlbumModel.h */,
				CE29D96F20BD2FE900A0F6F6 /* HXPhotoTools.m */,
				CE29D97020BD2FE900A0F6F6 /* HXPhotoSubViewCell.h */,
				CE29D97120BD2FE900A0F6F6 /* HXDatePhotoPreviewViewController.m */,
				CE29D97220BD2FE900A0F6F6 /* HXDatePhotoViewFlowLayout.m */,
				CE29D97320BD2FE900A0F6F6 /* HXDatePhotoViewController.m */,
				CE29D97420BD2FE900A0F6F6 /* HXDatePhotoEditViewController.h */,
				CE29D97520BD2FE900A0F6F6 /* HXDatePhotoToolManager.h */,
				CE29D97620BD2FE900A0F6F6 /* HXPhotoManager.m */,
				CE29D97720BD2FE900A0F6F6 /* HXDatePhotoViewPresentTransition.m */,
				CE29D97820BD2FE900A0F6F6 /* HXDateVideoEditViewController.h */,
				CE29D97920BD2FE900A0F6F6 /* HXPhotoDefine.h */,
				CE29D97A20BD2FE900A0F6F6 /* HXCustomCameraController.m */,
				CE29D97B20BD2FE900A0F6F6 /* HXDownloadProgressView.h */,
				CE29D97C20BD2FE900A0F6F6 /* HXPhotoConfiguration.h */,
				CE29D97D20BD2FE900A0F6F6 /* UIViewController+HXExtension.h */,
				CE29D97E20BD2FE900A0F6F6 /* HXCustomCameraViewController.h */,
				CE29D97F20BD2FE900A0F6F6 /* HXCollectionView.h */,
				CE29D98020BD2FE900A0F6F6 /* UIImage+HXExtension.m */,
				CE29D98120BD2FE900A0F6F6 /* HXCustomCollectionReusableView.m */,
				CE29D98220BD2FE900A0F6F6 /* HXWeiboPhotoPicker.bundle */,
				CE29D98320BD2FE900A0F6F6 /* NSBundle+HXWeiboPhotoPicker.h */,
				CE29D98420BD2FE900A0F6F6 /* HXPhotoPicker.h */,
				CE29D98520BD2FE900A0F6F6 /* HXPhotoView.m */,
				CE29D98620BD2FE900A0F6F6 /* HXFullScreenCameraPlayView.m */,
				CE29D98720BD2FE900A0F6F6 /* NSDate+HXExtension.m */,
				CE29D98820BD2FE900A0F6F6 /* HXCustomNavigationController.m */,
				CE29D98920BD2FE900A0F6F6 /* HXDatePhotoViewTransition.m */,
				CE29D98A20BD2FE900A0F6F6 /* HXDatePhotoPreviewBottomView.h */,
				CE29D98B20BD2FE900A0F6F6 /* HXPhoto3DTouchViewController.h */,
				CE29D98C20BD2FE900A0F6F6 /* HXDatePhotoPreviewViewController.h */,
				CE29D98D20BD2FE900A0F6F6 /* HXPhotoSubViewCell.m */,
				CE29D98E20BD2FE900A0F6F6 /* HXPhotoTools.h */,
				CE29D98F20BD2FE900A0F6F6 /* HXAlbumModel.m */,
				CE29D99020BD2FE900A0F6F6 /* UIView+HXExtension.h */,
				CE29D99120BD2FE900A0F6F6 /* HXPhotoCustomNavigationBar.h */,
				CE29D99220BD2FE900A0F6F6 /* UIButton+HXExtension.m */,
				CE29D99320BD2FE900A0F6F6 /* HXCustomPreviewView.m */,
				CE29D99420BD2FE900A0F6F6 /* HXAlbumListViewController.h */,
				CE29D99520BD2FE900A0F6F6 /* HXCircleProgressView.m */,
				CE29D99620BD2FE900A0F6F6 /* UIFont+HXExtension.h */,
				CE29D99720BD2FE900A0F6F6 /* HXPhotoModel.h */,
				CE29D99820BD2FE900A0F6F6 /* HXDatePhotoInteractiveTransition.h */,
				CE29D99920BD2FE900A0F6F6 /* UIImageView+HXExtension.h */,
				CE29D99A20BD2FE900A0F6F6 /* HXDateVideoEditViewController.m */,
				CE29D99B20BD2FE900A0F6F6 /* HXPhotoManager.h */,
				CE29D99C20BD2FE900A0F6F6 /* HXDatePhotoViewPresentTransition.h */,
				CE29D99D20BD2FE900A0F6F6 /* HXDatePhotoToolManager.m */,
				CE29D99E20BD2FE900A0F6F6 /* HXDatePhotoEditViewController.m */,
				CE29D99F20BD2FE900A0F6F6 /* HXDatePhotoViewController.h */,
				CE29D9A020BD2FE900A0F6F6 /* HXDatePhotoViewFlowLayout.h */,
			);
			path = HXWeiboPhotoPicker;
			sourceTree = "<group>";
		};
		CE487789209995020027E109 /* CommentVC */ = {
			isa = PBXGroup;
			children = (
				CE48778A209995020027E109 /* Controller */,
				CE48778B209995020027E109 /* Model */,
				CE48778C209995020027E109 /* View */,
			);
			path = CommentVC;
			sourceTree = "<group>";
		};
		CE48778A209995020027E109 /* Controller */ = {
			isa = PBXGroup;
			children = (
				CE48778D2099951A0027E109 /* GWFCommentViewController.h */,
				CE48778E2099951A0027E109 /* GWFCommentViewController.m */,
			);
			path = Controller;
			sourceTree = "<group>";
		};
		CE48778B209995020027E109 /* Model */ = {
			isa = PBXGroup;
			children = (
				CEC0A47920AAC9DF00FDABB5 /* GWFCommentModel.h */,
				CEC0A47A20AAC9DF00FDABB5 /* GWFCommentModel.m */,
			);
			path = Model;
			sourceTree = "<group>";
		};
		CE48778C209995020027E109 /* View */ = {
			isa = PBXGroup;
			children = (
				CE73631120A91DFA00DCEAB0 /* GWFAddButtonCell.h */,
				CE73631220A91DFA00DCEAB0 /* GWFAddButtonCell.m */,
				CE73631420A91E1000DCEAB0 /* GWFImageCell.h */,
				CE73631520A91E1000DCEAB0 /* GWFImageCell.m */,
			);
			path = View;
			sourceTree = "<group>";
		};
		CE4877902099A6E60027E109 /* ImageBrowser */ = {
			isa = PBXGroup;
			children = (
				CE4877912099A6E60027E109 /* Controller */,
				CE4877922099A6E60027E109 /* Model */,
				CE4877932099A6E60027E109 /* View */,
			);
			path = ImageBrowser;
			sourceTree = "<group>";
		};
		CE4877912099A6E60027E109 /* Controller */ = {
			isa = PBXGroup;
			children = (
				CE4877942099A6FB0027E109 /* GWFImageBrowserViewController.h */,
				CE4877952099A6FB0027E109 /* GWFImageBrowserViewController.m */,
			);
			path = Controller;
			sourceTree = "<group>";
		};
		CE4877922099A6E60027E109 /* Model */ = {
			isa = PBXGroup;
			children = (
			);
			path = Model;
			sourceTree = "<group>";
		};
		CE4877932099A6E60027E109 /* View */ = {
			isa = PBXGroup;
			children = (
				CED85A59209AEDAC00DC473A /* ProgressView.h */,
				CED85A58209AEDAC00DC473A /* ProgressView.m */,
				CEC3991D209AFF4500A8BFD7 /* GWFImageBrowserCell.h */,
				CEC3991E209AFF4500A8BFD7 /* GWFImageBrowserCell.m */,
			);
			path = View;
			sourceTree = "<group>";
		};
		CE9A4F6220ABD23E00D96030 /* DataBaseManager */ = {
			isa = PBXGroup;
			children = (
				CE9A4F6320ABD25400D96030 /* GWFDataBaseManager.h */,
				CE9A4F6420ABD25400D96030 /* GWFDataBaseManager.m */,
			);
			path = DataBaseManager;
			sourceTree = "<group>";
		};
		CE9A4F6920AC061E00D96030 /* NSDate+MJ */ = {
			isa = PBXGroup;
			children = (
				CE9A4F6A20AC061E00D96030 /* NSDate+MJ.h */,
				CE9A4F6B20AC061E00D96030 /* NSDate+MJ.m */,
			);
			path = "NSDate+MJ";
			sourceTree = "<group>";
		};
		CE9A4F6D20AC0C2C00D96030 /* MBProgress+HUD */ = {
			isa = PBXGroup;
			children = (
				CE9A4F6F20AC0C2C00D96030 /* MBProgressHUD+Add.h */,
				CE9A4F6E20AC0C2C00D96030 /* MBProgressHUD+Add.m */,
			);
			path = "MBProgress+HUD";
			sourceTree = "<group>";
		};
		CEB7E6DF208EBED200DBACD4 = {
			isa = PBXGroup;
			children = (
				CEB7E6EA208EBED200DBACD4 /* GWFImageBrowser */,
				CEB7E703208EBED400DBACD4 /* GWFImageBrowserTests */,
				CEB7E70E208EBED400DBACD4 /* GWFImageBrowserUITests */,
				CEB7E6E9208EBED200DBACD4 /* Products */,
				10BD7CD994E20539CF64D7B9 /* Pods */,
				8416B6D5A728F3FAB2AC838A /* Frameworks */,
			);
			sourceTree = "<group>";
		};
		CEB7E6E9208EBED200DBACD4 /* Products */ = {
			isa = PBXGroup;
			children = (
				CEB7E6E8208EBED200DBACD4 /* GWFImageBrowser.app */,
				CEB7E700208EBED400DBACD4 /* GWFImageBrowserTests.xctest */,
				CEB7E70B208EBED400DBACD4 /* GWFImageBrowserUITests.xctest */,
			);
			name = Products;
			sourceTree = "<group>";
		};
		CEB7E6EA208EBED200DBACD4 /* GWFImageBrowser */ = {
			isa = PBXGroup;
			children = (
				CEB7E71D208EBFC500DBACD4 /* Classes */,
				CEB7E6F1208EBED300DBACD4 /* Main.storyboard */,
				CEB7E6F4208EBED400DBACD4 /* Assets.xcassets */,
				CEB7E6F6208EBED400DBACD4 /* LaunchScreen.storyboard */,
				CEB7E750208EC0FF00DBACD4 /* GWFImageHeader.pch */,
				CEB7E6F9208EBED400DBACD4 /* Info.plist */,
				CEB7E6FA208EBED400DBACD4 /* main.m */,
			);
			path = GWFImageBrowser;
			sourceTree = "<group>";
		};
		CEB7E703208EBED400DBACD4 /* GWFImageBrowserTests */ = {
			isa = PBXGroup;
			children = (
				CEB7E704208EBED400DBACD4 /* GWFImageBrowserTests.m */,
				CEB7E706208EBED400DBACD4 /* Info.plist */,
			);
			path = GWFImageBrowserTests;
			sourceTree = "<group>";
		};
		CEB7E70E208EBED400DBACD4 /* GWFImageBrowserUITests */ = {
			isa = PBXGroup;
			children = (
				CEB7E70F208EBED400DBACD4 /* GWFImageBrowserUITests.m */,
				CEB7E711208EBED400DBACD4 /* Info.plist */,
			);
			path = GWFImageBrowserUITests;
			sourceTree = "<group>";
		};
		CEB7E71D208EBFC500DBACD4 /* Classes */ = {
			isa = PBXGroup;
			children = (
				CEB7E72E208EC0AC00DBACD4 /* MainGroup */,
				CE487789209995020027E109 /* CommentVC */,
				CEB7E73E208EC0AD00DBACD4 /* Home */,
				CEB7E744208EC0AD00DBACD4 /* Discover */,
				CEB7E738208EC0AD00DBACD4 /* Me */,
				CEC0A47C20AACCE400FDABB5 /* lib */,
				CEB7E720208EBFC500DBACD4 /* Other */,
			);
			path = Classes;
			sourceTree = "<group>";
		};
		CEB7E720208EBFC500DBACD4 /* Other */ = {
			isa = PBXGroup;
			children = (
				CEB7E751208EC3D100DBACD4 /* Tools */,
				CEB7E721208EBFC500DBACD4 /* AppDelegate.h */,
				CEB7E722208EBFC500DBACD4 /* AppDelegate.m */,
				CE487786209993E50027E109 /* JYCWindow.h */,
				CE487787209993E60027E109 /* JYCWindow.m */,
			);
			path = Other;
			sourceTree = "<group>";
		};
		CEB7E72E208EC0AC00DBACD4 /* MainGroup */ = {
			isa = PBXGroup;
			children = (
				CEB7E72F208EC0AC00DBACD4 /* Controller */,
				CEB7E734208EC0AC00DBACD4 /* Model */,
				CEB7E735208EC0AC00DBACD4 /* View */,
			);
			path = MainGroup;
			sourceTree = "<group>";
		};
		CEB7E72F208EC0AC00DBACD4 /* Controller */ = {
			isa = PBXGroup;
			children = (
				CEB7E732208EC0AC00DBACD4 /* GWFNavigationController.h */,
				CEB7E730208EC0AC00DBACD4 /* GWFNavigationController.m */,
				CEB7E731208EC0AC00DBACD4 /* GWFTabBarController.h */,
				CEB7E733208EC0AC00DBACD4 /* GWFTabBarController.m */,
				CE04EAE720A43D6100C0B080 /* UIViewController+Basic.h */,
				CE04EAE620A43D6100C0B080 /* UIViewController+Basic.m */,
			);
			path = Controller;
			sourceTree = "<group>";
		};
		CEB7E734208EC0AC00DBACD4 /* Model */ = {
			isa = PBXGroup;
			children = (
			);
			path = Model;
			sourceTree = "<group>";
		};
		CEB7E735208EC0AC00DBACD4 /* View */ = {
			isa = PBXGroup;
			children = (
				CEB7E736208EC0AC00DBACD4 /* GWFTabbar.h */,
				CEB7E737208EC0AD00DBACD4 /* GWFTabbar.m */,
			);
			path = View;
			sourceTree = "<group>";
		};
		CEB7E738208EC0AD00DBACD4 /* Me */ = {
			isa = PBXGroup;
			children = (
				CEB7E739208EC0AD00DBACD4 /* Controller */,
				CEB7E73C208EC0AD00DBACD4 /* Model */,
				CEB7E73D208EC0AD00DBACD4 /* View */,
			);
			path = Me;
			sourceTree = "<group>";
		};
		CEB7E739208EC0AD00DBACD4 /* Controller */ = {
			isa = PBXGroup;
			children = (
				CED85A54209AE69000DC473A /* SettingVC */,
				CEB7E73A208EC0AD00DBACD4 /* GWFMeViewController.h */,
				CEB7E73B208EC0AD00DBACD4 /* GWFMeViewController.m */,
			);
			path = Controller;
			sourceTree = "<group>";
		};
		CEB7E73C208EC0AD00DBACD4 /* Model */ = {
			isa = PBXGroup;
			children = (
			);
			path = Model;
			sourceTree = "<group>";
		};
		CEB7E73D208EC0AD00DBACD4 /* View */ = {
			isa = PBXGroup;
			children = (
			);
			path = View;
			sourceTree = "<group>";
		};
		CEB7E73E208EC0AD00DBACD4 /* Home */ = {
			isa = PBXGroup;
			children = (
				CEB7E73F208EC0AD00DBACD4 /* Controller */,
				CEB7E742208EC0AD00DBACD4 /* Model */,
				CEB7E743208EC0AD00DBACD4 /* View */,
			);
			path = Home;
			sourceTree = "<group>";
		};
		CEB7E73F208EC0AD00DBACD4 /* Controller */ = {
			isa = PBXGroup;
			children = (
				CEB7E741208EC0AD00DBACD4 /* GWFHomeViewController.h */,
				CEB7E740208EC0AD00DBACD4 /* GWFHomeViewController.m */,
			);
			path = Controller;
			sourceTree = "<group>";
		};
		CEB7E742208EC0AD00DBACD4 /* Model */ = {
			isa = PBXGroup;
			children = (
			);
			path = Model;
			sourceTree = "<group>";
		};
		CEB7E743208EC0AD00DBACD4 /* View */ = {
			isa = PBXGroup;
			children = (
			);
			path = View;
			sourceTree = "<group>";
		};
		CEB7E744208EC0AD00DBACD4 /* Discover */ = {
			isa = PBXGroup;
			children = (
				CEB7E745208EC0AD00DBACD4 /* Controller */,
				CEB7E748208EC0AD00DBACD4 /* Model */,
				CEB7E749208EC0AD00DBACD4 /* View */,
			);
			path = Discover;
			sourceTree = "<group>";
		};
		CEB7E745208EC0AD00DBACD4 /* Controller */ = {
			isa = PBXGroup;
			children = (
				CEB7E746208EC0AD00DBACD4 /* GWFDiscoverViewController.h */,
				CEB7E747208EC0AD00DBACD4 /* GWFDiscoverViewController.m */,
			);
			path = Controller;
			sourceTree = "<group>";
		};
		CEB7E748208EC0AD00DBACD4 /* Model */ = {
			isa = PBXGroup;
			children = (
			);
			path = Model;
			sourceTree = "<group>";
		};
		CEB7E749208EC0AD00DBACD4 /* View */ = {
			isa = PBXGroup;
			children = (
				CE9A4F6620AC032900D96030 /* GWFDiscoverCell.h */,
				CE9A4F6720AC032900D96030 /* GWFDiscoverCell.m */,
				CEEF595520AEBDC000DCFF1F /* GWFdiscoverImageItemCell.h */,
				CEEF595620AEBDC000DCFF1F /* GWFdiscoverImageItemCell.m */,
			);
			path = View;
			sourceTree = "<group>";
		};
		CEB7E751208EC3D100DBACD4 /* Tools */ = {
			isa = PBXGroup;
			children = (
				CE9A4F6220ABD23E00D96030 /* DataBaseManager */,
				CE4877902099A6E60027E109 /* ImageBrowser */,
				CEB7E755208EC43600DBACD4 /* UIBarButtonItem+GWFItem.h */,
				CEB7E756208EC43600DBACD4 /* UIBarButtonItem+GWFItem.m */,
				CEB7E752208EC3D100DBACD4 /* UIImage+GWFUIImage.h */,
				CEB7E753208EC3D100DBACD4 /* UIImage+GWFUIImage.m */,
			);
			path = Tools;
			sourceTree = "<group>";
		};
		CEC0A47C20AACCE400FDABB5 /* lib */ = {
			isa = PBXGroup;
			children = (
				CE29D95320BD2FE900A0F6F6 /* HXWeiboPhotoPicker */,
				CE9A4F6D20AC0C2C00D96030 /* MBProgress+HUD */,
				CE9A4F6920AC061E00D96030 /* NSDate+MJ */,
				CEC0A47D20AACCE400FDABB5 /* ModelToJson */,
			);
			path = lib;
			sourceTree = "<group>";
		};
		CEC0A47D20AACCE400FDABB5 /* ModelToJson */ = {
			isa = PBXGroup;
			children = (
				CEC0A47E20AACCE400FDABB5 /* ModelToJson.h */,
				CEC0A47F20AACCE400FDABB5 /* ModelToJson.m */,
			);
			path = ModelToJson;
			sourceTree = "<group>";
		};
		CED85A54209AE69000DC473A /* SettingVC */ = {
			isa = PBXGroup;
			children = (
				CED85A55209AE69E00DC473A /* GWFSettingViewController.h */,
				CED85A56209AE69E00DC473A /* GWFSettingViewController.m */,
			);
			path = SettingVC;
			sourceTree = "<group>";
		};
/* End PBXGroup section */

/* Begin PBXNativeTarget section */
		CEB7E6E7208EBED200DBACD4 /* GWFImageBrowser */ = {
			isa = PBXNativeTarget;
			buildConfigurationList = CEB7E714208EBED400DBACD4 /* Build configuration list for PBXNativeTarget "GWFImageBrowser" */;
			buildPhases = (
				F6E76D49020BDC3EDDF53D8A /* [CP] Check Pods Manifest.lock */,
				CEB7E6E4208EBED200DBACD4 /* Sources */,
				CEB7E6E5208EBED200DBACD4 /* Frameworks */,
				CEB7E6E6208EBED200DBACD4 /* Resources */,
				756E76818C529AE97087412A /* [CP] Embed Pods Frameworks */,
			);
			buildRules = (
			);
			dependencies = (
			);
			name = GWFImageBrowser;
			productName = GWFImageBrowser;
			productReference = CEB7E6E8208EBED200DBACD4 /* GWFImageBrowser.app */;
			productType = "com.apple.product-type.application";
		};
		CEB7E6FF208EBED400DBACD4 /* GWFImageBrowserTests */ = {
			isa = PBXNativeTarget;
			buildConfigurationList = CEB7E717208EBED400DBACD4 /* Build configuration list for PBXNativeTarget "GWFImageBrowserTests" */;
			buildPhases = (
				CEB7E6FC208EBED400DBACD4 /* Sources */,
				CEB7E6FD208EBED400DBACD4 /* Frameworks */,
				CEB7E6FE208EBED400DBACD4 /* Resources */,
			);
			buildRules = (
			);
			dependencies = (
				CEB7E702208EBED400DBACD4 /* PBXTargetDependency */,
			);
			name = GWFImageBrowserTests;
			productName = GWFImageBrowserTests;
			productReference = CEB7E700208EBED400DBACD4 /* GWFImageBrowserTests.xctest */;
			productType = "com.apple.product-type.bundle.unit-test";
		};
		CEB7E70A208EBED400DBACD4 /* GWFImageBrowserUITests */ = {
			isa = PBXNativeTarget;
			buildConfigurationList = CEB7E71A208EBED400DBACD4 /* Build configuration list for PBXNativeTarget "GWFImageBrowserUITests" */;
			buildPhases = (
				CEB7E707208EBED400DBACD4 /* Sources */,
				CEB7E708208EBED400DBACD4 /* Frameworks */,
				CEB7E709208EBED400DBACD4 /* Resources */,
			);
			buildRules = (
			);
			dependencies = (
				CEB7E70D208EBED400DBACD4 /* PBXTargetDependency */,
			);
			name = GWFImageBrowserUITests;
			productName = GWFImageBrowserUITests;
			productReference = CEB7E70B208EBED400DBACD4 /* GWFImageBrowserUITests.xctest */;
			productType = "com.apple.product-type.bundle.ui-testing";
		};
/* End PBXNativeTarget section */

/* Begin PBXProject section */
		CEB7E6E0208EBED200DBACD4 /* Project object */ = {
			isa = PBXProject;
			attributes = {
				CLASSPREFIX = GWF;
				LastUpgradeCheck = 0930;
				ORGANIZATIONNAME = user;
				TargetAttributes = {
					CEB7E6E7208EBED200DBACD4 = {
						CreatedOnToolsVersion = 9.3;
					};
					CEB7E6FF208EBED400DBACD4 = {
						CreatedOnToolsVersion = 9.3;
						TestTargetID = CEB7E6E7208EBED200DBACD4;
					};
					CEB7E70A208EBED400DBACD4 = {
						CreatedOnToolsVersion = 9.3;
						TestTargetID = CEB7E6E7208EBED200DBACD4;
					};
				};
			};
			buildConfigurationList = CEB7E6E3208EBED200DBACD4 /* Build configuration list for PBXProject "GWFImageBrowser" */;
			compatibilityVersion = "Xcode 9.3";
			developmentRegion = en;
			hasScannedForEncodings = 0;
			knownRegions = (
				en,
				Base,
			);
			mainGroup = CEB7E6DF208EBED200DBACD4;
			productRefGroup = CEB7E6E9208EBED200DBACD4 /* Products */;
			projectDirPath = "";
			projectRoot = "";
			targets = (
				CEB7E6E7208EBED200DBACD4 /* GWFImageBrowser */,
				CEB7E6FF208EBED400DBACD4 /* GWFImageBrowserTests */,
				CEB7E70A208EBED400DBACD4 /* GWFImageBrowserUITests */,
			);
		};
/* End PBXProject section */

/* Begin PBXResourcesBuildPhase section */
		CEB7E6E6208EBED200DBACD4 /* Resources */ = {
			isa = PBXResourcesBuildPhase;
			buildActionMask = 2147483647;
			files = (
				CEB7E6F8208EBED400DBACD4 /* LaunchScreen.storyboard in Resources */,
				CEB7E6F5208EBED400DBACD4 /* Assets.xcassets in Resources */,
				CEB7E6F3208EBED300DBACD4 /* Main.storyboard in Resources */,
				CE29D9B920BD2FE900A0F6F6 /* HXWeiboPhotoPicker.bundle in Resources */,
			);
			runOnlyForDeploymentPostprocessing = 0;
		};
		CEB7E6FE208EBED400DBACD4 /* Resources */ = {
			isa = PBXResourcesBuildPhase;
			buildActionMask = 2147483647;
			files = (
			);
			runOnlyForDeploymentPostprocessing = 0;
		};
		CEB7E709208EBED400DBACD4 /* Resources */ = {
			isa = PBXResourcesBuildPhase;
			buildActionMask = 2147483647;
			files = (
			);
			runOnlyForDeploymentPostprocessing = 0;
		};
/* End PBXResourcesBuildPhase section */

/* Begin PBXShellScriptBuildPhase section */
		756E76818C529AE97087412A /* [CP] Embed Pods Frameworks */ = {
			isa = PBXShellScriptBuildPhase;
			buildActionMask = 2147483647;
			files = (
			);
			inputPaths = (
				"${SRCROOT}/Pods/Target Support Files/Pods-GWFImageBrowser/Pods-GWFImageBrowser-frameworks.sh",
				"${BUILT_PRODUCTS_DIR}/FLAnimatedImage/FLAnimatedImage.framework",
				"${BUILT_PRODUCTS_DIR}/FMDB/FMDB.framework",
				"${BUILT_PRODUCTS_DIR}/JSONModel/JSONModel.framework",
				"${BUILT_PRODUCTS_DIR}/MBProgressHUD/MBProgressHUD.framework",
				"${BUILT_PRODUCTS_DIR}/MJExtension/MJExtension.framework",
				"${BUILT_PRODUCTS_DIR}/Masonry/Masonry.framework",
				"${BUILT_PRODUCTS_DIR}/SDWebImage/SDWebImage.framework",
				"${BUILT_PRODUCTS_DIR}/ZYQAssetPickerController/ZYQAssetPickerController.framework",
			);
			name = "[CP] Embed Pods Frameworks";
			outputPaths = (
				"${TARGET_BUILD_DIR}/${FRAMEWORKS_FOLDER_PATH}/FLAnimatedImage.framework",
				"${TARGET_BUILD_DIR}/${FRAMEWORKS_FOLDER_PATH}/FMDB.framework",
				"${TARGET_BUILD_DIR}/${FRAMEWORKS_FOLDER_PATH}/JSONModel.framework",
				"${TARGET_BUILD_DIR}/${FRAMEWORKS_FOLDER_PATH}/MBProgressHUD.framework",
				"${TARGET_BUILD_DIR}/${FRAMEWORKS_FOLDER_PATH}/MJExtension.framework",
				"${TARGET_BUILD_DIR}/${FRAMEWORKS_FOLDER_PATH}/Masonry.framework",
				"${TARGET_BUILD_DIR}/${FRAMEWORKS_FOLDER_PATH}/SDWebImage.framework",
				"${TARGET_BUILD_DIR}/${FRAMEWORKS_FOLDER_PATH}/ZYQAssetPickerController.framework",
			);
			runOnlyForDeploymentPostprocessing = 0;
			shellPath = /bin/sh;
			shellScript = "\"${SRCROOT}/Pods/Target Support Files/Pods-GWFImageBrowser/Pods-GWFImageBrowser-frameworks.sh\"\n";
			showEnvVarsInLog = 0;
		};
		F6E76D49020BDC3EDDF53D8A /* [CP] Check Pods Manifest.lock */ = {
			isa = PBXShellScriptBuildPhase;
			buildActionMask = 2147483647;
			files = (
			);
			inputPaths = (
				"${PODS_PODFILE_DIR_PATH}/Podfile.lock",
				"${PODS_ROOT}/Manifest.lock",
			);
			name = "[CP] Check Pods Manifest.lock";
			outputPaths = (
				"$(DERIVED_FILE_DIR)/Pods-GWFImageBrowser-checkManifestLockResult.txt",
			);
			runOnlyForDeploymentPostprocessing = 0;
			shellPath = /bin/sh;
			shellScript = "diff \"${PODS_PODFILE_DIR_PATH}/Podfile.lock\" \"${PODS_ROOT}/Manifest.lock\" > /dev/null\nif [ $? != 0 ] ; then\n    # print error to STDERR\n    echo \"error: The sandbox is not in sync with the Podfile.lock. Run 'pod install' or update your CocoaPods installation.\" >&2\n    exit 1\nfi\n# This output is used by Xcode 'outputs' to avoid re-running this script phase.\necho \"SUCCESS\" > \"${SCRIPT_OUTPUT_FILE_0}\"\n";
			showEnvVarsInLog = 0;
		};
/* End PBXShellScriptBuildPhase section */

/* Begin PBXSourcesBuildPhase section */
		CEB7E6E4208EBED200DBACD4 /* Sources */ = {
			isa = PBXSourcesBuildPhase;
			buildActionMask = 2147483647;
			files = (
				CE29D9AE20BD2FE900A0F6F6 /* UIView+HXExtension.m in Sources */,
				CE73631320A91DFA00DCEAB0 /* GWFAddButtonCell.m in Sources */,
				CE9A4F6520ABD25400D96030 /* GWFDataBaseManager.m in Sources */,
				CE9A4F6820AC032900D96030 /* GWFDiscoverCell.m in Sources */,
				CED85A57209AE69E00DC473A /* GWFSettingViewController.m in Sources */,
				CE4877962099A6FB0027E109 /* GWFImageBrowserViewController.m in Sources */,
				CE29D9BF20BD2FE900A0F6F6 /* HXPhotoSubViewCell.m in Sources */,
				CE29D9C120BD2FE900A0F6F6 /* UIButton+HXExtension.m in Sources */,
				CE29D9B420BD2FE900A0F6F6 /* HXPhotoManager.m in Sources */,
				CEB7E757208EC43600DBACD4 /* UIBarButtonItem+GWFItem.m in Sources */,
				CE29D9BA20BD2FE900A0F6F6 /* HXPhotoView.m in Sources */,
				CE29D9C420BD2FE900A0F6F6 /* HXDateVideoEditViewController.m in Sources */,
				CEB7E74D208EC0AD00DBACD4 /* GWFMeViewController.m in Sources */,
				CE29D9BC20BD2FE900A0F6F6 /* NSDate+HXExtension.m in Sources */,
				CE9A4F6C20AC061E00D96030 /* NSDate+MJ.m in Sources */,
				CE29D9B120BD2FE900A0F6F6 /* HXDatePhotoPreviewViewController.m in Sources */,
				CEB7E74F208EC0AD00DBACD4 /* GWFDiscoverViewController.m in Sources */,
				CE29D9B220BD2FE900A0F6F6 /* HXDatePhotoViewFlowLayout.m in Sources */,
				CE29D9B620BD2FE900A0F6F6 /* HXCustomCameraController.m in Sources */,
				CE48778F2099951A0027E109 /* GWFCommentViewController.m in Sources */,
				CE04EAE820A43D6100C0B080 /* UIViewController+Basic.m in Sources */,
				CE29D9A720BD2FE900A0F6F6 /* NSBundle+HXWeiboPhotoPicker.m in Sources */,
				CE29D9C020BD2FE900A0F6F6 /* HXAlbumModel.m in Sources */,
				CE29D9AA20BD2FE900A0F6F6 /* UIFont+HXExtension.m in Sources */,
				CE29D9A320BD2FE900A0F6F6 /* HXPhotoConfiguration.m in Sources */,
				CE29D9A520BD2FE900A0F6F6 /* HXPhoto3DTouchViewController.m in Sources */,
				CEC0A47B20AAC9DF00FDABB5 /* GWFCommentModel.m in Sources */,
				CE29D9B320BD2FE900A0F6F6 /* HXDatePhotoViewController.m in Sources */,
				CE29D9AB20BD2FE900A0F6F6 /* HXDatePhotoInteractiveTransition.m in Sources */,
				CE9A4F7020AC0C2C00D96030 /* MBProgressHUD+Add.m in Sources */,
				CE29D9C620BD2FE900A0F6F6 /* HXDatePhotoEditViewController.m in Sources */,
				CEB7E74C208EC0AD00DBACD4 /* GWFTabbar.m in Sources */,
				CE29D9A220BD2FE900A0F6F6 /* UIViewController+HXExtension.m in Sources */,
				CE29D9AC20BD2FE900A0F6F6 /* HXPhotoModel.m in Sources */,
				CE29D9BB20BD2FE900A0F6F6 /* HXFullScreenCameraPlayView.m in Sources */,
				CE29D9C520BD2FE900A0F6F6 /* HXDatePhotoToolManager.m in Sources */,
				CE29D9C220BD2FE900A0F6F6 /* HXCustomPreviewView.m in Sources */,
				CE29D9A820BD2FE900A0F6F6 /* HXCollectionView.m in Sources */,
				CEB7E74B208EC0AD00DBACD4 /* GWFTabBarController.m in Sources */,
				CE487788209993E60027E109 /* JYCWindow.m in Sources */,
				CE29D9A620BD2FE900A0F6F6 /* HXDatePhotoPreviewBottomView.m in Sources */,
				CE29D9B020BD2FE900A0F6F6 /* HXPhotoTools.m in Sources */,
				CE29D9AD20BD2FE900A0F6F6 /* HXAlbumListViewController.m in Sources */,
				CE29D9BE20BD2FE900A0F6F6 /* HXDatePhotoViewTransition.m in Sources */,
				CEB7E724208EBFC500DBACD4 /* AppDelegate.m in Sources */,
				CEB7E6FB208EBED400DBACD4 /* main.m in Sources */,
				CE29D9A920BD2FE900A0F6F6 /* UIImageView+HXExtension.m in Sources */,
				CEEF595720AEBDC000DCFF1F /* GWFdiscoverImageItemCell.m in Sources */,
				CE73631620A91E1000DCEAB0 /* GWFImageCell.m in Sources */,
				CE29D9A120BD2FE900A0F6F6 /* HXCustomCameraViewController.m in Sources */,
				CE29D9C320BD2FE900A0F6F6 /* HXCircleProgressView.m in Sources */,
				CEC3991F209AFF4500A8BFD7 /* GWFImageBrowserCell.m in Sources */,
				CE29D9B520BD2FE900A0F6F6 /* HXDatePhotoViewPresentTransition.m in Sources */,
				CE29D9BD20BD2FE900A0F6F6 /* HXCustomNavigationController.m in Sources */,
				CED85A5A209AEDAC00DC473A /* ProgressView.m in Sources */,
				CE29D9B820BD2FE900A0F6F6 /* HXCustomCollectionReusableView.m in Sources */,
				CE29D9A420BD2FE900A0F6F6 /* HXDownloadProgressView.m in Sources */,
				CEB7E754208EC3D100DBACD4 /* UIImage+GWFUIImage.m in Sources */,
				CEC0A48020AACCE400FDABB5 /* ModelToJson.m in Sources */,
				CE29D9AF20BD2FE900A0F6F6 /* HXPhotoCustomNavigationBar.m in Sources */,
				CE29D9B720BD2FE900A0F6F6 /* UIImage+HXExtension.m in Sources */,
				CEB7E74E208EC0AD00DBACD4 /* GWFHomeViewController.m in Sources */,
				CEB7E74A208EC0AD00DBACD4 /* GWFNavigationController.m in Sources */,
			);
			runOnlyForDeploymentPostprocessing = 0;
		};
		CEB7E6FC208EBED400DBACD4 /* Sources */ = {
			isa = PBXSourcesBuildPhase;
			buildActionMask = 2147483647;
			files = (
				CEB7E705208EBED400DBACD4 /* GWFImageBrowserTests.m in Sources */,
			);
			runOnlyForDeploymentPostprocessing = 0;
		};
		CEB7E707208EBED400DBACD4 /* Sources */ = {
			isa = PBXSourcesBuildPhase;
			buildActionMask = 2147483647;
			files = (
				CEB7E710208EBED400DBACD4 /* GWFImageBrowserUITests.m in Sources */,
			);
			runOnlyForDeploymentPostprocessing = 0;
		};
/* End PBXSourcesBuildPhase section */

/* Begin PBXTargetDependency section */
		CEB7E702208EBED400DBACD4 /* PBXTargetDependency */ = {
			isa = PBXTargetDependency;
			target = CEB7E6E7208EBED200DBACD4 /* GWFImageBrowser */;
			targetProxy = CEB7E701208EBED400DBACD4 /* PBXContainerItemProxy */;
		};
		CEB7E70D208EBED400DBACD4 /* PBXTargetDependency */ = {
			isa = PBXTargetDependency;
			target = CEB7E6E7208EBED200DBACD4 /* GWFImageBrowser */;
			targetProxy = CEB7E70C208EBED400DBACD4 /* PBXContainerItemProxy */;
		};
/* End PBXTargetDependency section */

/* Begin PBXVariantGroup section */
		CEB7E6F1208EBED300DBACD4 /* Main.storyboard */ = {
			isa = PBXVariantGroup;
			children = (
				CEB7E6F2208EBED300DBACD4 /* Base */,
			);
			name = Main.storyboard;
			sourceTree = "<group>";
		};
		CEB7E6F6208EBED400DBACD4 /* LaunchScreen.storyboard */ = {
			isa = PBXVariantGroup;
			children = (
				CEB7E6F7208EBED400DBACD4 /* Base */,
			);
			name = LaunchScreen.storyboard;
			sourceTree = "<group>";
		};
/* End PBXVariantGroup section */

/* Begin XCBuildConfiguration section */
		CEB7E712208EBED400DBACD4 /* Debug */ = {
			isa = XCBuildConfiguration;
			buildSettings = {
				ALWAYS_SEARCH_USER_PATHS = NO;
				CLANG_ANALYZER_NONNULL = YES;
				CLANG_ANALYZER_NUMBER_OBJECT_CONVERSION = YES_AGGRESSIVE;
				CLANG_CXX_LANGUAGE_STANDARD = "gnu++14";
				CLANG_CXX_LIBRARY = "libc++";
				CLANG_ENABLE_MODULES = YES;
				CLANG_ENABLE_OBJC_ARC = YES;
				CLANG_ENABLE_OBJC_WEAK = YES;
				CLANG_WARN_BLOCK_CAPTURE_AUTORELEASING = YES;
				CLANG_WARN_BOOL_CONVERSION = YES;
				CLANG_WARN_COMMA = YES;
				CLANG_WARN_CONSTANT_CONVERSION = YES;
				CLANG_WARN_DEPRECATED_OBJC_IMPLEMENTATIONS = YES;
				CLANG_WARN_DIRECT_OBJC_ISA_USAGE = YES_ERROR;
				CLANG_WARN_DOCUMENTATION_COMMENTS = YES;
				CLANG_WARN_EMPTY_BODY = YES;
				CLANG_WARN_ENUM_CONVERSION = YES;
				CLANG_WARN_INFINITE_RECURSION = YES;
				CLANG_WARN_INT_CONVERSION = YES;
				CLANG_WARN_NON_LITERAL_NULL_CONVERSION = YES;
				CLANG_WARN_OBJC_IMPLICIT_RETAIN_SELF = YES;
				CLANG_WARN_OBJC_LITERAL_CONVERSION = YES;
				CLANG_WARN_OBJC_ROOT_CLASS = YES_ERROR;
				CLANG_WARN_RANGE_LOOP_ANALYSIS = YES;
				CLANG_WARN_STRICT_PROTOTYPES = YES;
				CLANG_WARN_SUSPICIOUS_MOVE = YES;
				CLANG_WARN_UNGUARDED_AVAILABILITY = YES_AGGRESSIVE;
				CLANG_WARN_UNREACHABLE_CODE = YES;
				CLANG_WARN__DUPLICATE_METHOD_MATCH = YES;
				CODE_SIGN_IDENTITY = "iPhone Developer";
				COPY_PHASE_STRIP = NO;
				DEBUG_INFORMATION_FORMAT = dwarf;
				ENABLE_STRICT_OBJC_MSGSEND = YES;
				ENABLE_TESTABILITY = YES;
				GCC_C_LANGUAGE_STANDARD = gnu11;
				GCC_DYNAMIC_NO_PIC = NO;
				GCC_NO_COMMON_BLOCKS = YES;
				GCC_OPTIMIZATION_LEVEL = 0;
				GCC_PREPROCESSOR_DEFINITIONS = (
					"DEBUG=1",
					"$(inherited)",
				);
				GCC_WARN_64_TO_32_BIT_CONVERSION = YES;
				GCC_WARN_ABOUT_RETURN_TYPE = YES_ERROR;
				GCC_WARN_UNDECLARED_SELECTOR = YES;
				GCC_WARN_UNINITIALIZED_AUTOS = YES_AGGRESSIVE;
				GCC_WARN_UNUSED_FUNCTION = YES;
				GCC_WARN_UNUSED_VARIABLE = YES;
				IPHONEOS_DEPLOYMENT_TARGET = 11.3;
				MTL_ENABLE_DEBUG_INFO = YES;
				ONLY_ACTIVE_ARCH = YES;
				SDKROOT = iphoneos;
			};
			name = Debug;
		};
		CEB7E713208EBED400DBACD4 /* Release */ = {
			isa = XCBuildConfiguration;
			buildSettings = {
				ALWAYS_SEARCH_USER_PATHS = NO;
				CLANG_ANALYZER_NONNULL = YES;
				CLANG_ANALYZER_NUMBER_OBJECT_CONVERSION = YES_AGGRESSIVE;
				CLANG_CXX_LANGUAGE_STANDARD = "gnu++14";
				CLANG_CXX_LIBRARY = "libc++";
				CLANG_ENABLE_MODULES = YES;
				CLANG_ENABLE_OBJC_ARC = YES;
				CLANG_ENABLE_OBJC_WEAK = YES;
				CLANG_WARN_BLOCK_CAPTURE_AUTORELEASING = YES;
				CLANG_WARN_BOOL_CONVERSION = YES;
				CLANG_WARN_COMMA = YES;
				CLANG_WARN_CONSTANT_CONVERSION = YES;
				CLANG_WARN_DEPRECATED_OBJC_IMPLEMENTATIONS = YES;
				CLANG_WARN_DIRECT_OBJC_ISA_USAGE = YES_ERROR;
				CLANG_WARN_DOCUMENTATION_COMMENTS = YES;
				CLANG_WARN_EMPTY_BODY = YES;
				CLANG_WARN_ENUM_CONVERSION = YES;
				CLANG_WARN_INFINITE_RECURSION = YES;
				CLANG_WARN_INT_CONVERSION = YES;
				CLANG_WARN_NON_LITERAL_NULL_CONVERSION = YES;
				CLANG_WARN_OBJC_IMPLICIT_RETAIN_SELF = YES;
				CLANG_WARN_OBJC_LITERAL_CONVERSION = YES;
				CLANG_WARN_OBJC_ROOT_CLASS = YES_ERROR;
				CLANG_WARN_RANGE_LOOP_ANALYSIS = YES;
				CLANG_WARN_STRICT_PROTOTYPES = YES;
				CLANG_WARN_SUSPICIOUS_MOVE = YES;
				CLANG_WARN_UNGUARDED_AVAILABILITY = YES_AGGRESSIVE;
				CLANG_WARN_UNREACHABLE_CODE = YES;
				CLANG_WARN__DUPLICATE_METHOD_MATCH = YES;
				CODE_SIGN_IDENTITY = "iPhone Developer";
				COPY_PHASE_STRIP = NO;
				DEBUG_INFORMATION_FORMAT = "dwarf-with-dsym";
				ENABLE_NS_ASSERTIONS = NO;
				ENABLE_STRICT_OBJC_MSGSEND = YES;
				GCC_C_LANGUAGE_STANDARD = gnu11;
				GCC_NO_COMMON_BLOCKS = YES;
				GCC_WARN_64_TO_32_BIT_CONVERSION = YES;
				GCC_WARN_ABOUT_RETURN_TYPE = YES_ERROR;
				GCC_WARN_UNDECLARED_SELECTOR = YES;
				GCC_WARN_UNINITIALIZED_AUTOS = YES_AGGRESSIVE;
				GCC_WARN_UNUSED_FUNCTION = YES;
				GCC_WARN_UNUSED_VARIABLE = YES;
				IPHONEOS_DEPLOYMENT_TARGET = 11.3;
				MTL_ENABLE_DEBUG_INFO = NO;
				SDKROOT = iphoneos;
				VALIDATE_PRODUCT = YES;
			};
			name = Release;
		};
		CEB7E715208EBED400DBACD4 /* Debug */ = {
			isa = XCBuildConfiguration;
			baseConfigurationReference = 093EDCB5B10E6F42E57F8AD2 /* Pods-GWFImageBrowser.debug.xcconfig */;
			buildSettings = {
				ASSETCATALOG_COMPILER_APPICON_NAME = AppIcon;
				CODE_SIGN_IDENTITY = "iPhone Developer";
				CODE_SIGN_STYLE = Automatic;
				DEVELOPMENT_TEAM = 829A926U4N;
				GCC_PREFIX_HEADER = GWFImageBrowser/GWFImageHeader.pch;
				INFOPLIST_FILE = GWFImageBrowser/Info.plist;
				IPHONEOS_DEPLOYMENT_TARGET = 8.0;
				LD_RUNPATH_SEARCH_PATHS = (
					"$(inherited)",
					"@executable_path/Frameworks",
				);
				PRODUCT_BUNDLE_IDENTIFIER = first.GWFImageBrowser;
				PRODUCT_NAME = "$(TARGET_NAME)";
				PROVISIONING_PROFILE_SPECIFIER = "";
				TARGETED_DEVICE_FAMILY = "1,2";
			};
			name = Debug;
		};
		CEB7E716208EBED400DBACD4 /* Release */ = {
			isa = XCBuildConfiguration;
			baseConfigurationReference = 68CAE6FEF5B9D4A970BCDA65 /* Pods-GWFImageBrowser.release.xcconfig */;
			buildSettings = {
				ASSETCATALOG_COMPILER_APPICON_NAME = AppIcon;
				CODE_SIGN_IDENTITY = "iPhone Developer";
				CODE_SIGN_STYLE = Automatic;
				DEVELOPMENT_TEAM = 829A926U4N;
				GCC_PREFIX_HEADER = GWFImageBrowser/GWFImageHeader.pch;
				INFOPLIST_FILE = GWFImageBrowser/Info.plist;
				IPHONEOS_DEPLOYMENT_TARGET = 8.0;
				LD_RUNPATH_SEARCH_PATHS = (
					"$(inherited)",
					"@executable_path/Frameworks",
				);
				PRODUCT_BUNDLE_IDENTIFIER = first.GWFImageBrowser;
				PRODUCT_NAME = "$(TARGET_NAME)";
				PROVISIONING_PROFILE_SPECIFIER = "";
				TARGETED_DEVICE_FAMILY = "1,2";
			};
			name = Release;
		};
		CEB7E718208EBED400DBACD4 /* Debug */ = {
			isa = XCBuildConfiguration;
			buildSettings = {
				BUNDLE_LOADER = "$(TEST_HOST)";
				CODE_SIGN_STYLE = Automatic;
				DEVELOPMENT_TEAM = RDN9E95292;
				INFOPLIST_FILE = GWFImageBrowserTests/Info.plist;
				LD_RUNPATH_SEARCH_PATHS = (
					"$(inherited)",
					"@executable_path/Frameworks",
					"@loader_path/Frameworks",
				);
				PRODUCT_BUNDLE_IDENTIFIER = first.GWFImageBrowserTests;
				PRODUCT_NAME = "$(TARGET_NAME)";
				TARGETED_DEVICE_FAMILY = "1,2";
				TEST_HOST = "$(BUILT_PRODUCTS_DIR)/GWFImageBrowser.app/GWFImageBrowser";
			};
			name = Debug;
		};
		CEB7E719208EBED400DBACD4 /* Release */ = {
			isa = XCBuildConfiguration;
			buildSettings = {
				BUNDLE_LOADER = "$(TEST_HOST)";
				CODE_SIGN_STYLE = Automatic;
				DEVELOPMENT_TEAM = RDN9E95292;
				INFOPLIST_FILE = GWFImageBrowserTests/Info.plist;
				LD_RUNPATH_SEARCH_PATHS = (
					"$(inherited)",
					"@executable_path/Frameworks",
					"@loader_path/Frameworks",
				);
				PRODUCT_BUNDLE_IDENTIFIER = first.GWFImageBrowserTests;
				PRODUCT_NAME = "$(TARGET_NAME)";
				TARGETED_DEVICE_FAMILY = "1,2";
				TEST_HOST = "$(BUILT_PRODUCTS_DIR)/GWFImageBrowser.app/GWFImageBrowser";
			};
			name = Release;
		};
		CEB7E71B208EBED400DBACD4 /* Debug */ = {
			isa = XCBuildConfiguration;
			buildSettings = {
				CODE_SIGN_STYLE = Automatic;
				DEVELOPMENT_TEAM = RDN9E95292;
				INFOPLIST_FILE = GWFImageBrowserUITests/Info.plist;
				LD_RUNPATH_SEARCH_PATHS = (
					"$(inherited)",
					"@executable_path/Frameworks",
					"@loader_path/Frameworks",
				);
				PRODUCT_BUNDLE_IDENTIFIER = first.GWFImageBrowserUITests;
				PRODUCT_NAME = "$(TARGET_NAME)";
				TARGETED_DEVICE_FAMILY = "1,2";
				TEST_TARGET_NAME = GWFImageBrowser;
			};
			name = Debug;
		};
		CEB7E71C208EBED400DBACD4 /* Release */ = {
			isa = XCBuildConfiguration;
			buildSettings = {
				CODE_SIGN_STYLE = Automatic;
				DEVELOPMENT_TEAM = RDN9E95292;
				INFOPLIST_FILE = GWFImageBrowserUITests/Info.plist;
				LD_RUNPATH_SEARCH_PATHS = (
					"$(inherited)",
					"@executable_path/Frameworks",
					"@loader_path/Frameworks",
				);
				PRODUCT_BUNDLE_IDENTIFIER = first.GWFImageBrowserUITests;
				PRODUCT_NAME = "$(TARGET_NAME)";
				TARGETED_DEVICE_FAMILY = "1,2";
				TEST_TARGET_NAME = GWFImageBrowser;
			};
			name = Release;
		};
/* End XCBuildConfiguration section */

/* Begin XCConfigurationList section */
		CEB7E6E3208EBED200DBACD4 /* Build configuration list for PBXProject "GWFImageBrowser" */ = {
			isa = XCConfigurationList;
			buildConfigurations = (
				CEB7E712208EBED400DBACD4 /* Debug */,
				CEB7E713208EBED400DBACD4 /* Release */,
			);
			defaultConfigurationIsVisible = 0;
			defaultConfigurationName = Release;
		};
		CEB7E714208EBED400DBACD4 /* Build configuration list for PBXNativeTarget "GWFImageBrowser" */ = {
			isa = XCConfigurationList;
			buildConfigurations = (
				CEB7E715208EBED400DBACD4 /* Debug */,
				CEB7E716208EBED400DBACD4 /* Release */,
			);
			defaultConfigurationIsVisible = 0;
			defaultConfigurationName = Release;
		};
		CEB7E717208EBED400DBACD4 /* Build configuration list for PBXNativeTarget "GWFImageBrowserTests" */ = {
			isa = XCConfigurationList;
			buildConfigurations = (
				CEB7E718208EBED400DBACD4 /* Debug */,
				CEB7E719208EBED400DBACD4 /* Release */,
			);
			defaultConfigurationIsVisible = 0;
			defaultConfigurationName = Release;
		};
		CEB7E71A208EBED400DBACD4 /* Build configuration list for PBXNativeTarget "GWFImageBrowserUITests" */ = {
			isa = XCConfigurationList;
			buildConfigurations = (
				CEB7E71B208EBED400DBACD4 /* Debug */,
				CEB7E71C208EBED400DBACD4 /* Release */,
			);
			defaultConfigurationIsVisible = 0;
			defaultConfigurationName = Release;
		};
/* End XCConfigurationList section */
	};
	rootObject = CEB7E6E0208EBED200DBACD4 /* Project object */;
}
